<?xml version="1.0" encoding="utf-8"?>
<Project ToolsVersion="4.0" xmlns="http://schemas.microsoft.com/developer/msbuild/2003">
  <ItemGroup>
    <ClInclude Include="uint128_t.hpp" />
    <ClInclude Include="impl\uint128_t.hpp">
      <Filter>impl</Filter>
    </ClInclude>
    <ClInclude Include="macro_definitions.hpp" />
  </ItemGroup>
  <ItemGroup>
    <Filter Include="impl">
      <UniqueIdentifier>{39c01a69-3920-48b3-bf07-9603da22536e}</UniqueIdentifier>
    </Filter>
  </ItemGroup>
  <ItemGroup>
    <ClCompile Include="decimal_conversion.cpp" />
  </ItemGroup>
</Project>