
Microsoft Visual Studio Solution File, Format Version 12.00
# Visual Studio 2012
Project("{FAE04EC0-301F-11D3-BF4B-00C04F79EFBC}") = "AggrHttpClient", "AggrHttpClient.csproj", "{7B4D09D4-95FB-4CB3-80A8-9027111E51B4}"
EndProject
Global
	GlobalSection(SolutionConfigurationPlatforms) = preSolution
		Debug|x64 = Debug|x64
		Release|x64 = Release|x64
	EndGlobalSection
	GlobalSection(ProjectConfigurationPlatforms) = postSolution
		{7B4D09D4-95FB-4CB3-80A8-9027111E51B4}.Debug|x64.ActiveCfg = Debug|x64
		{7B4D09D4-95FB-4CB3-80A8-9027111E51B4}.Debug|x64.Build.0 = Debug|x64
		{7B4D09D4-95FB-4CB3-80A8-9027111E51B4}.Release|x64.ActiveCfg = Release|x64
		{7B4D09D4-95FB-4CB3-80A8-9027111E51B4}.Release|x64.Build.0 = Release|x64
	EndGlobalSection
	GlobalSection(SolutionProperties) = preSolution
		HideSolutionNode = FALSE
	EndGlobalSection
EndGlobal
