
Microsoft Visual Studio Solution File, Format Version 12.00
# Visual Studio 2012
Project("{2150E333-8FDC-42A3-9474-1A3956D46DE8}") = "Starcounter.ErrorCodes", "Starcounter.ErrorCodes", "{FF0868CF-A78E-44A4-93E5-57182F039F31}"
EndProject
Project("{2150E333-8FDC-42A3-9474-1A3956D46DE8}") = "08. Hosting", "08. Hosting", "{E80CE545-83CD-41D4-8F89-56654E751392}"
EndProject
Project("{FAE04EC0-301F-11D3-BF4B-00C04F79EFBC}") = "Starcounter.Hosting", "Hosting\Starcounter.Hosting\Starcounter.Hosting.csproj", "{B427C63B-C13F-47CC-B101-29CED68A68B8}"
EndProject
Project("{8BC9CEB8-8B4A-11D0-8D11-00A0C91BC942}") = "sccoreapp", "Hosting\sccoreapp\sccoreapp.vcxproj", "{D6998D59-8E4F-42B6-BC63-924D6E69AC6F}"
EndProject
Project("{2150E333-8FDC-42A3-9474-1A3956D46DE8}") = "15. Samples", "15. Samples", "{2E993A9D-C78B-45A5-AA0D-1FAA58825805}"
EndProject
Project("{FAE04EC0-301F-11D3-BF4B-00C04F79EFBC}") = "Starcounter", "Starcounter\Starcounter.csproj", "{7BF06E68-1088-47EE-B06C-DE546AFABDB0}"
	ProjectSection(ProjectDependencies) = postProject
		{D0026211-2592-42FD-AD67-BF609803D2DB} = {D0026211-2592-42FD-AD67-BF609803D2DB}
		{9E8D97FC-87A3-4A7C-B318-9414B5EEA60E} = {9E8D97FC-87A3-4A7C-B318-9414B5EEA60E}
		{8B599BFF-B414-41A3-A270-96CDA0C522AF} = {8B599BFF-B414-41A3-A270-96CDA0C522AF}
	EndProjectSection
EndProject
Project("{FAE04EC0-301F-11D3-BF4B-00C04F79EFBC}") = "hello", "Samples\hello\hello.csproj", "{785E7F33-7D3A-4119-84C1-78819279669C}"
EndProject
Project("{FAE04EC0-301F-11D3-BF4B-00C04F79EFBC}") = "NetworkIoTest", "Samples\NetworkIoTest\NetworkIoTest.csproj", "{1606D39A-79E6-468E-828A-42526C06A197}"
EndProject
Project("{2150E333-8FDC-42A3-9474-1A3956D46DE8}") = "19. BuildSystem", "19. BuildSystem", "{E64C1F28-D2C1-47D2-A62B-151A6968D158}"
EndProject
Project("{FAE04EC0-301F-11D3-BF4B-00C04F79EFBC}") = "CopyDependenciesLocal", "BuildSystem\CopyDependenciesLocal.csproj", "{8B599BFF-B414-41A3-A270-96CDA0C522AF}"
	ProjectSection(ProjectDependencies) = postProject
		{5A65D606-6613-4139-8853-B5F26313E4DF} = {5A65D606-6613-4139-8853-B5F26313E4DF}
		{AD78AE53-5B4C-4C20-B66E-78D42008DCE3} = {AD78AE53-5B4C-4C20-B66E-78D42008DCE3}
		{EC69526F-72FB-4E26-AD8D-7CF22B145C93} = {EC69526F-72FB-4E26-AD8D-7CF22B145C93}
	EndProjectSection
EndProject
Project("{FAE04EC0-301F-11D3-BF4B-00C04F79EFBC}") = "IndexQueryTest", "Samples\IndexQueryTest\IndexQueryTest.csproj", "{917A2134-2267-4E27-9415-1D531AADF156}"
EndProject
Project("{FAE04EC0-301F-11D3-BF4B-00C04F79EFBC}") = "Starcounter.Internal", "Starcounter.Internal\Starcounter.Internal.csproj", "{015A94BB-8483-4227-90D6-A08D092212BD}"
	ProjectSection(ProjectDependencies) = postProject
		{9E8D97FC-87A3-4A7C-B318-9414B5EEA60E} = {9E8D97FC-87A3-4A7C-B318-9414B5EEA60E}
	EndProjectSection
EndProject
Project("{FAE04EC0-301F-11D3-BF4B-00C04F79EFBC}") = "sccode", "sccode\sccode.csproj", "{4F5A9009-7528-43E9-9142-26CF6A9F3ED7}"
EndProject
Project("{8BC9CEB8-8B4A-11D0-8D11-00A0C91BC942}") = "bmx", "Chunks\BMX\bmx.vcxproj", "{6665517F-743D-4809-94D3-13325FC2AF74}"
	ProjectSection(ProjectDependencies) = postProject
		{AD78AE53-5B4C-4C20-B66E-78D42008DCE3} = {AD78AE53-5B4C-4C20-B66E-78D42008DCE3}
		{8B599BFF-B414-41A3-A270-96CDA0C522AF} = {8B599BFF-B414-41A3-A270-96CDA0C522AF}
	EndProjectSection
EndProject
Project("{FAE04EC0-301F-11D3-BF4B-00C04F79EFBC}") = "HttpStructs", "HTTP\HttpStructs\HttpStructs.csproj", "{90D57166-B42E-4BBE-B9EC-CFB33E551B77}"
	ProjectSection(ProjectDependencies) = postProject
		{5A65D606-6613-4139-8853-B5F26313E4DF} = {5A65D606-6613-4139-8853-B5F26313E4DF}
		{594FE78A-A893-4757-A946-5ED350D383D2} = {594FE78A-A893-4757-A946-5ED350D383D2}
	EndProjectSection
EndProject
Project("{FAE04EC0-301F-11D3-BF4B-00C04F79EFBC}") = "scerrcc", "Starcounter.ErrorCodes\ErrorCodeCompiler\scerrcc\scerrcc.csproj", "{9E8D97FC-87A3-4A7C-B318-9414B5EEA60E}"
EndProject
Project("{8BC9CEB8-8B4A-11D0-8D11-00A0C91BC942}") = "scerrres", "Starcounter.ErrorCodes\scerrres\scerrres.vcxproj", "{5A65D606-6613-4139-8853-B5F26313E4DF}"
EndProject
Project("{FAE04EC0-301F-11D3-BF4B-00C04F79EFBC}") = "Starcounter.Errors", "Starcounter.ErrorCodes\Starcounter.Errors\Starcounter.Errors.csproj", "{1F4D1E72-C615-42B1-9B29-D5A9CEDE09E0}"
EndProject
Project("{FAE04EC0-301F-11D3-BF4B-00C04F79EFBC}") = "Starcounter.Bootstrap", "Starcounter.Bootstrap\Starcounter.Bootstrap.csproj", "{8278B17C-E0E9-49B7-8BDA-F15282445D45}"
EndProject
Project("{FAE04EC0-301F-11D3-BF4B-00C04F79EFBC}") = "FasterThanJson", "FasterThanJson\FasterThanJson.csproj", "{DD181012-DD9C-410F-AD8E-01D062CAC820}"
EndProject
Project("{8BC9CEB8-8B4A-11D0-8D11-00A0C91BC942}") = "scnetworkgateway", "scnetworkgateway\scnetworkgateway.vcxproj", "{AD395461-89C1-4EFA-AEEF-8AE43C6B656D}"
EndProject
Project("{FAE04EC0-301F-11D3-BF4B-00C04F79EFBC}") = "Starcounter.Rest", "Starcounter.Rest\Starcounter.Rest.csproj", "{C3E5398F-48FB-4565-8720-D73AF2ACFC1C}"
EndProject
Project("{FAE04EC0-301F-11D3-BF4B-00C04F79EFBC}") = "Starcounter.Apps", "Starcounter.Apps\Starcounter.Apps.csproj", "{BBAAD98C-2661-42DC-85E4-3F2D11BBE010}"
EndProject
Project("{FAE04EC0-301F-11D3-BF4B-00C04F79EFBC}") = "Starcounter.Apps.CodeGeneration", "Starcounter.Apps.CodeGeneration\Starcounter.Apps.CodeGeneration.csproj", "{02EA0FB4-CC2F-4DAC-A58A-1F3115B7FAE8}"
EndProject
Project("{FAE04EC0-301F-11D3-BF4B-00C04F79EFBC}") = "Starcounter.Apps.CodeGeneration.Tests", "Starcounter.Apps.CodeGeneration.Tests\Starcounter.Apps.CodeGeneration.Tests.csproj", "{84E160E1-E32F-45F9-BE7B-8E093D68975F}"
EndProject
Project("{FAE04EC0-301F-11D3-BF4B-00C04F79EFBC}") = "Starcounter.Apps.HtmlReader", "Starcounter.Apps.HtmlReader\Starcounter.Apps.HtmlReader.csproj", "{5546E8C2-844A-4662-84FA-B47D88E515CE}"
EndProject
Project("{FAE04EC0-301F-11D3-BF4B-00C04F79EFBC}") = "Starcounter.Apps.HtmlReader.Tests", "Starcounter.Apps.HtmlReader.Tests\Starcounter.Apps.HtmlReader.Tests.csproj", "{2042C9E2-BEA5-4745-8EC1-EFF5CFDF08EA}"
EndProject
Project("{FAE04EC0-301F-11D3-BF4B-00C04F79EFBC}") = "Starcounter.Apps.Interfaces", "Starcounter.Apps.Interfaces\Starcounter.Apps.Interfaces.csproj", "{710365C1-63CC-4C65-B3D1-FF1BE8E1D276}"
EndProject
Project("{FAE04EC0-301F-11D3-BF4B-00C04F79EFBC}") = "Starcounter.Apps.JsonPatch", "Starcounter.Apps.JsonPatch\Starcounter.Apps.JsonPatch.csproj", "{828ECAC2-9748-4E7F-BDC0-6D154C90B9C3}"
EndProject
Project("{FAE04EC0-301F-11D3-BF4B-00C04F79EFBC}") = "Starcounter.Apps.JsonReader", "Starcounter.Apps.JsonReader\Starcounter.Apps.JsonReader.csproj", "{8312DE1E-1E35-42FD-902A-2FE517396240}"
EndProject
Project("{FAE04EC0-301F-11D3-BF4B-00C04F79EFBC}") = "Starcounter.Apps.JsonReader.Tests", "Starcounter.Apps.JsonReader.Tests\Starcounter.Apps.JsonReader.Tests.csproj", "{FDC1CC89-8EE8-439D-8F50-16789D742274}"
EndProject
Project("{F2A71F9B-5D33-465A-A702-920D77279786}") = "Starcounter.Apps.JsTemplateParser", "Starcounter.Apps.JsTemplateParser\Starcounter.Apps.JsTemplateParser.fsproj", "{6B8B91CD-9DA4-4585-B9A0-84B75A5D42F6}"
EndProject
Project("{FAE04EC0-301F-11D3-BF4B-00C04F79EFBC}") = "Starcounter.Apps.Tests", "Starcounter.Apps.Test\Starcounter.Apps.Tests.csproj", "{B7C456DA-CF64-4689-9389-82E912F84F23}"
EndProject
Project("{FAE04EC0-301F-11D3-BF4B-00C04F79EFBC}") = "BitsAndBytes", "Starcounter.BitsAndBytes\BitsAndBytes.csproj", "{C6B4BA42-680C-446D-9B89-1C82D443DC75}"
EndProject
Project("{FAE04EC0-301F-11D3-BF4B-00C04F79EFBC}") = "BitsAndBytes.Test", "Starcounter.BitsAndBytes.Test\BitsAndBytes.Test.csproj", "{F3846C95-36FD-4C91-A318-4C1542EA559B}"
EndProject
Project("{FAE04EC0-301F-11D3-BF4B-00C04F79EFBC}") = "Starcounter.Hypermedia", "Starcounter.Hypermedia\Starcounter.Hypermedia.csproj", "{42137E4C-AFE5-4C60-B970-3343C3B3EC30}"
EndProject
Project("{FAE04EC0-301F-11D3-BF4B-00C04F79EFBC}") = "Starcounter.MsBuild", "Starcounter.MsBuild\Starcounter.MsBuild.csproj", "{B1EC8976-B515-4308-89C3-319543A0C7A9}"
EndProject
Project("{FAE04EC0-301F-11D3-BF4B-00C04F79EFBC}") = "Starcounter.Web.Tests", "Starcounter.Web.Tests\Starcounter.Web.Tests.csproj", "{8670B44F-5240-4E27-AEAC-E7C58F626777}"
	ProjectSection(ProjectDependencies) = postProject
		{8B599BFF-B414-41A3-A270-96CDA0C522AF} = {8B599BFF-B414-41A3-A270-96CDA0C522AF}
	EndProjectSection
EndProject
Project("{FAE04EC0-301F-11D3-BF4B-00C04F79EFBC}") = "scweaver", "scweaver\scweaver.csproj", "{76C95AD5-A9B4-4672-856A-18A1CE45D2B1}"
EndProject
Project("{2150E333-8FDC-42A3-9474-1A3956D46DE8}") = "ThirdParty", "ThirdParty", "{5069EDE6-F3FE-4CD3-89C8-1AF15ED4B047}"
EndProject
Project("{FAE04EC0-301F-11D3-BF4B-00C04F79EFBC}") = "BizArkCore", "ThirdParty\BizArkCore\BizArkCore.csproj", "{8D3E6472-7E47-4266-947B-659F17F641F1}"
EndProject
Project("{FAE04EC0-301F-11D3-BF4B-00C04F79EFBC}") = "DynamoIoc", "ThirdParty\DynamoIoc\DynamoIoc.csproj", "{EA81E2C5-0477-42AB-82F2-B57228AF694E}"
EndProject
Project("{FAE04EC0-301F-11D3-BF4B-00C04F79EFBC}") = "HtmlAgilityPack.Tests", "ThirdParty\HtmlAgilityPack.Tests\HtmlAgilityPack.Tests.csproj", "{AD049DC9-C2CA-4D87-AAD4-875C004C0EC5}"
EndProject
Project("{FAE04EC0-301F-11D3-BF4B-00C04F79EFBC}") = "Newtonsoft.Json", "ThirdParty\Newtonsoft.Json\Newtonsoft.Json.csproj", "{A9AE40FF-1A21-414A-9FE7-3BE13644CC6D}"
EndProject
Project("{2150E333-8FDC-42A3-9474-1A3956D46DE8}") = "02. Shared Memory Communication", "02. Shared Memory Communication", "{7CAA7AEE-92D3-4643-9566-C060AF2CFF2C}"
EndProject
Project("{FAE04EC0-301F-11D3-BF4B-00C04F79EFBC}") = "HtmlAgilityPack.fx.4.0", "ThirdParty\HtmlAgilityPack\HtmlAgilityPack.fx.4.0.csproj", "{1028002A-BBE2-4FF2-94B7-A8368A8F6887}"
EndProject
Project("{2150E333-8FDC-42A3-9474-1A3956D46DE8}") = "12. Server", "12. Server", "{42B8DA2F-1785-43DC-B8D8-AE3676E822D4}"
EndProject
Project("{FAE04EC0-301F-11D3-BF4B-00C04F79EFBC}") = "Starcounter.Server", "Server\Starcounter.Server\Starcounter.Server.csproj", "{28E1D438-7DC4-4BF7-A486-0598C78DBBE9}"
EndProject
Project("{2150E333-8FDC-42A3-9474-1A3956D46DE8}") = ".nuget", ".nuget", "{C74FD2EF-8675-42C1-BC45-E4CF1EB0BB48}"
	ProjectSection(SolutionItems) = preProject
		.nuget\NuGet.Config = .nuget\NuGet.Config
		.nuget\NuGet.exe = .nuget\NuGet.exe
		.nuget\NuGet.targets = .nuget\NuGet.targets
	EndProjectSection
EndProject
Project("{2150E333-8FDC-42A3-9474-1A3956D46DE8}") = "01. Independents", "01. Independents", "{031C31CE-85DD-472D-9334-0A76B8EF538E}"
EndProject
Project("{2150E333-8FDC-42A3-9474-1A3956D46DE8}") = "05. REST", "05. REST", "{85483C86-E9E1-4CAB-9BD1-4274EC9A08EB}"
EndProject
Project("{2150E333-8FDC-42A3-9474-1A3956D46DE8}") = "07. VMDBMS", "07. VMDBMS", "{1046FAB3-028B-4F84-A133-8C6248B7B7CB}"
EndProject
Project("{2150E333-8FDC-42A3-9474-1A3956D46DE8}") = "03. Network Gateway", "03. Network Gateway", "{A5B0117C-DD6D-4C9A-84D0-DCB9F47B7709}"
EndProject
Project("{2150E333-8FDC-42A3-9474-1A3956D46DE8}") = "09. Puppets", "09. Puppets", "{6AEA43EE-D1B7-4F8E-9599-7133FB507C66}"
EndProject
Project("{2150E333-8FDC-42A3-9474-1A3956D46DE8}") = "06. Hypermedia", "06. Hypermedia", "{A8A6B3A7-41B4-4FC8-AB0E-6C9799BE7F27}"
EndProject
Project("{2150E333-8FDC-42A3-9474-1A3956D46DE8}") = "10. Bootstrap", "10. Bootstrap", "{486A7359-839A-4F76-AF69-43F47D2AEAB5}"
EndProject
Project("{2150E333-8FDC-42A3-9474-1A3956D46DE8}") = "11. Weaver", "11. Weaver", "{1AC7C23F-67AD-470E-B5CC-67D2C89DD18F}"
EndProject
Project("{FAE04EC0-301F-11D3-BF4B-00C04F79EFBC}") = "BitsAndBytes.Unsafe", "Starcounter.BitsAndBytes.Unsafe\BitsAndBytes.Unsafe.csproj", "{885EB31B-CF41-4C6C-A7BE-53B32A0C8B82}"
EndProject
Project("{FAE04EC0-301F-11D3-BF4B-00C04F79EFBC}") = "Starcounter.Logging", "Starcounter.Logging\Starcounter.Logging.csproj", "{A1FAE6E5-8EBB-42C3-9FC2-33D67917067D}"
EndProject
Project("{2150E333-8FDC-42A3-9474-1A3956D46DE8}") = "13. MsBuild", "13. MsBuild", "{B6488502-13DF-4934-8A40-CD6AF52E1342}"
EndProject
Project("{FAE04EC0-301F-11D3-BF4B-00C04F79EFBC}") = "MySampleApp", "Samples\MySampleApp\MySampleApp.csproj", "{2F1B4CDB-2A7E-405E-A774-EC9D9AF9BD3F}"
EndProject
Project("{FAE04EC0-301F-11D3-BF4B-00C04F79EFBC}") = "star", "Server\sccli\star.csproj", "{AC2A8729-1693-47DA-9723-C54EAD0EEECF}"
EndProject
Project("{2150E333-8FDC-42A3-9474-1A3956D46DE8}") = "common", "common", "{F5866E64-EAD9-44E9-98B3-93DED5C8B352}"
	ProjectSection(SolutionItems) = preProject
		Chunks\common\atomic_bounded_buffer.hpp = Chunks\common\atomic_bounded_buffer.hpp
		Chunks\common\atomic_buffer.hpp = Chunks\common\atomic_buffer.hpp
		Chunks\common\bit_operations.hpp = Chunks\common\bit_operations.hpp
		Chunks\common\bounded_buffer.hpp = Chunks\common\bounded_buffer.hpp
		Chunks\common\channel.hpp = Chunks\common\channel.hpp
		Chunks\common\channel_mask.hpp = Chunks\common\channel_mask.hpp
		Chunks\common\channel_number.hpp = Chunks\common\channel_number.hpp
		Chunks\common\chunk.hpp = Chunks\common\chunk.hpp
		Chunks\common\chunk_pool.hpp = Chunks\common\chunk_pool.hpp
		Chunks\common\circular_buffer.hpp = Chunks\common\circular_buffer.hpp
		Chunks\common\client_interface.hpp = Chunks\common\client_interface.hpp
		Chunks\common\client_number.hpp = Chunks\common\client_number.hpp
		Chunks\common\client_number_pool.hpp = Chunks\common\client_number_pool.hpp
		Chunks\common\common_client_interface.hpp = Chunks\common\common_client_interface.hpp
		Chunks\common\common_scheduler_interface.hpp = Chunks\common\common_scheduler_interface.hpp
		Chunks\common\config_param.hpp = Chunks\common\config_param.hpp
		Chunks\common\database_shared_memory_parameters.hpp = Chunks\common\database_shared_memory_parameters.hpp
		Chunks\common\interprocess.hpp = Chunks\common\interprocess.hpp
		Chunks\common\log_message.hpp = Chunks\common\log_message.hpp
		Chunks\common\macro_definitions.hpp = Chunks\common\macro_definitions.hpp
		Chunks\common\mapped_region.cpp = Chunks\common\mapped_region.cpp
		Chunks\common\monitor_interface.hpp = Chunks\common\monitor_interface.hpp
		Chunks\common\name_definitions.hpp = Chunks\common\name_definitions.hpp
		Chunks\common\overflow_buffer.hpp = Chunks\common\overflow_buffer.hpp
		Chunks\common\owner_id.hpp = Chunks\common\owner_id.hpp
		Chunks\common\owner_id_value_type.h = Chunks\common\owner_id_value_type.h
		Chunks\common\pid_type.hpp = Chunks\common\pid_type.hpp
		Chunks\common\resource_map.hpp = Chunks\common\resource_map.hpp
		Chunks\common\scheduler_channel.hpp = Chunks\common\scheduler_channel.hpp
		Chunks\common\scheduler_interface.hpp = Chunks\common\scheduler_interface.hpp
		Chunks\common\scheduler_mask.hpp = Chunks\common\scheduler_mask.hpp
		Chunks\common\scheduler_number.hpp = Chunks\common\scheduler_number.hpp
		Chunks\common\scheduler_number_pool.hpp = Chunks\common\scheduler_number_pool.hpp
		Chunks\common\shared_chunk_pool.hpp = Chunks\common\shared_chunk_pool.hpp
		Chunks\common\shared_interface.hpp = Chunks\common\shared_interface.hpp
		Chunks\common\shared_memory_object.cpp = Chunks\common\shared_memory_object.cpp
		Chunks\common\spinlock.hpp = Chunks\common\spinlock.hpp
		Chunks\common\timeout.hpp = Chunks\common\timeout.hpp
	EndProjectSection
EndProject
Project("{2150E333-8FDC-42A3-9474-1A3956D46DE8}") = "impl", "impl", "{FFD0C045-ECC0-4621-BB0D-CE53859E0BC5}"
	ProjectSection(SolutionItems) = preProject
		Chunks\common\impl\atomic_buffer.hpp = Chunks\common\impl\atomic_buffer.hpp
		Chunks\common\impl\bounded_buffer.hpp = Chunks\common\impl\bounded_buffer.hpp
		Chunks\common\impl\chunk_pool.hpp = Chunks\common\impl\chunk_pool.hpp
		Chunks\common\impl\circular_buffer.hpp = Chunks\common\impl\circular_buffer.hpp
		Chunks\common\impl\client_number_pool.hpp = Chunks\common\impl\client_number_pool.hpp
		Chunks\common\impl\database_shared_memory_parameters.hpp = Chunks\common\impl\database_shared_memory_parameters.hpp
		Chunks\common\impl\monitor_interface.hpp = Chunks\common\impl\monitor_interface.hpp
		Chunks\common\impl\overflow_buffer.hpp = Chunks\common\impl\overflow_buffer.hpp
		Chunks\common\impl\owner_id.hpp = Chunks\common\impl\owner_id.hpp
		Chunks\common\impl\pid_type.hpp = Chunks\common\impl\pid_type.hpp
		Chunks\common\impl\scheduler_number_pool.hpp = Chunks\common\impl\scheduler_number_pool.hpp
		Chunks\common\impl\shared_chunk_pool.hpp = Chunks\common\impl\shared_chunk_pool.hpp
		Chunks\common\impl\shared_interface.hpp = Chunks\common\impl\shared_interface.hpp
		Chunks\common\impl\timeout.hpp = Chunks\common\impl\timeout.hpp
	EndProjectSection
EndProject
Project("{FAE04EC0-301F-11D3-BF4B-00C04F79EFBC}") = "SQLTest", "Samples\SQLTest\SQLTest.csproj", "{75FD7F1C-71C9-4083-8F70-D20B2C665F77}"
EndProject
Project("{2150E333-8FDC-42A3-9474-1A3956D46DE8}") = "14. Development", "14. Development", "{B39115F7-A3E8-42CE-AAB8-932AB8D4DFB4}"
	ProjectSection(SolutionItems) = preProject
		Development\About.txt = Development\About.txt
	EndProjectSection
EndProject
Project("{FAE04EC0-301F-11D3-BF4B-00C04F79EFBC}") = "Starcounter.VS.CSApplicationProjectTemplate", "Development\Starcounter.VS.CSApplicationProjectTemplate\Starcounter.VS.CSApplicationProjectTemplate.csproj", "{0E242B9D-C9FB-4975-B2A5-885DF7232582}"
EndProject
Project("{FAE04EC0-301F-11D3-BF4B-00C04F79EFBC}") = "Starcounter.VisualStudio", "Development\Starcounter.VisualStudio\Starcounter.VisualStudio.csproj", "{524A9D92-4E74-413B-85E1-B3E893B4A25A}"
EndProject
Project("{FAE04EC0-301F-11D3-BF4B-00C04F79EFBC}") = "Starcounter.VS.VSIX", "Development\Starcounter.VS.VSIX\Starcounter.VS.VSIX.csproj", "{7DB7527C-79F6-4C05-A8CF-B7A52E5E7A19}"
	ProjectSection(ProjectDependencies) = postProject
		{009D8737-B1E7-4EEA-B76A-DF237E0ECF88} = {009D8737-B1E7-4EEA-B76A-DF237E0ECF88}
		{9EC88A3E-0A53-4982-8548-BF262F2DDDE7} = {9EC88A3E-0A53-4982-8548-BF262F2DDDE7}
		{524A9D92-4E74-413B-85E1-B3E893B4A25A} = {524A9D92-4E74-413B-85E1-B3E893B4A25A}
		{0E242B9D-C9FB-4975-B2A5-885DF7232582} = {0E242B9D-C9FB-4975-B2A5-885DF7232582}
		{1307BE9E-94C7-4D9E-AF5E-F2DB4D39517F} = {1307BE9E-94C7-4D9E-AF5E-F2DB4D39517F}
	EndProjectSection
EndProject
Project("{8BC9CEB8-8B4A-11D0-8D11-00A0C91BC942}") = "sccoredbh", "Hosting\sccoredbh\sccoredbh.vcxproj", "{060B3C32-4504-4F5E-9089-A6FDE561AA23}"
EndProject
Project("{8BC9CEB8-8B4A-11D0-8D11-00A0C91BC942}") = "test", "Chunks\test\test.vcxproj", "{E3390A15-3D80-4166-9D2F-BBEF33BB95A0}"
EndProject
Project("{FAE04EC0-301F-11D3-BF4B-00C04F79EFBC}") = "Starcounter.VS.CSClassLibraryProjectTemplate", "Development\Starcounter.VS.CSClassLibraryProjectTemplate\Starcounter.VS.CSClassLibraryProjectTemplate.csproj", "{9EC88A3E-0A53-4982-8548-BF262F2DDDE7}"
EndProject
Project("{FAE04EC0-301F-11D3-BF4B-00C04F79EFBC}") = "CopyDependenciesRemote", "BuildSystem\CopyDependenciesRemote.csproj", "{EC69526F-72FB-4E26-AD8D-7CF22B145C93}"
EndProject
Project("{8BC9CEB8-8B4A-11D0-8D11-00A0C91BC942}") = "Starcounter.SqlParser", "Starcounter.SqlParser\Starcounter.SqlParser.vcxproj", "{D0026211-2592-42FD-AD67-BF609803D2DB}"
	ProjectSection(ProjectDependencies) = postProject
		{EC69526F-72FB-4E26-AD8D-7CF22B145C93} = {EC69526F-72FB-4E26-AD8D-7CF22B145C93}
	EndProjectSection
EndProject
Project("{FAE04EC0-301F-11D3-BF4B-00C04F79EFBC}") = "Starcounter.SqlParser.Tests", "Starcounter.SqlParser.Tests\Starcounter.SqlParser.Tests.csproj", "{84C29D6B-3FD3-4806-BDC8-A9C9426EF093}"
	ProjectSection(ProjectDependencies) = postProject
		{7BF06E68-1088-47EE-B06C-DE546AFABDB0} = {7BF06E68-1088-47EE-B06C-DE546AFABDB0}
	EndProjectSection
EndProject
Project("{8BC9CEB8-8B4A-11D0-8D11-00A0C91BC942}") = "HttpParser", "HTTP\HttpParser\HttpParser.vcxproj", "{594FE78A-A893-4757-A946-5ED350D383D2}"
EndProject
Project("{8BC9CEB8-8B4A-11D0-8D11-00A0C91BC942}") = "scservice", "scservice\scservice.vcxproj", "{C4F742BA-53B7-40B2-816E-F337B1ECDDD2}"
	ProjectSection(ProjectDependencies) = postProject
		{8B599BFF-B414-41A3-A270-96CDA0C522AF} = {8B599BFF-B414-41A3-A270-96CDA0C522AF}
	EndProjectSection
EndProject
Project("{FAE04EC0-301F-11D3-BF4B-00C04F79EFBC}") = "HttpStructs.Tests", "HTTP\HttpStructs.Tests\HttpStructs.Tests.csproj", "{DD81F07E-8E1E-490B-A940-F651D7DAF6B6}"
	ProjectSection(ProjectDependencies) = postProject
		{594FE78A-A893-4757-A946-5ED350D383D2} = {594FE78A-A893-4757-A946-5ED350D383D2}
		{8B599BFF-B414-41A3-A270-96CDA0C522AF} = {8B599BFF-B414-41A3-A270-96CDA0C522AF}
	EndProjectSection
EndProject
Project("{2150E333-8FDC-42A3-9474-1A3956D46DE8}") = "HTTP", "HTTP", "{A264E76D-83B0-46AD-AEE6-84713C2DFE21}"
EndProject
Project("{FAE04EC0-301F-11D3-BF4B-00C04F79EFBC}") = "Starcounter.Internal.Tests", "Starcounter.Internal.Tests\Starcounter.Internal.Tests.csproj", "{7DC7044D-7E04-47EE-B5E8-0E1F600CE4A4}"
EndProject
Project("{2150E333-8FDC-42A3-9474-1A3956D46DE8}") = "16. Utilities", "16. Utilities", "{6534DA47-76A7-410D-98B4-ED941B3409FF}"
EndProject
Project("{FAE04EC0-301F-11D3-BF4B-00C04F79EFBC}") = "Sc.Tools.Logging", "Utilities\Sc.Tools.Logging\Sc.Tools.Logging.csproj", "{D41F6760-FB7D-413B-B07B-3062A9741EF5}"
EndProject
Project("{FAE04EC0-301F-11D3-BF4B-00C04F79EFBC}") = "QueryProcessingTest", "Samples\QueryProcessingTest\QueryProcessingTest.csproj", "{11545E12-706E-400B-8E10-8B4883A17539}"
	ProjectSection(ProjectDependencies) = postProject
		{7BF06E68-1088-47EE-B06C-DE546AFABDB0} = {7BF06E68-1088-47EE-B06C-DE546AFABDB0}
	EndProjectSection
EndProject
Project("{2150E333-8FDC-42A3-9474-1A3956D46DE8}") = "17. Administrator", "17. Administrator", "{4A6B2101-EC24-491E-A575-1044FDCDA105}"
EndProject
Project("{FAE04EC0-301F-11D3-BF4B-00C04F79EFBC}") = "Starcounter.Administrator", "Starcounter.Administrator\Starcounter.Administrator.csproj", "{6388EE07-A8C2-4A1A-8CDC-513A2C093BC3}"
	ProjectSection(ProjectDependencies) = postProject
		{B1EC8976-B515-4308-89C3-319543A0C7A9} = {B1EC8976-B515-4308-89C3-319543A0C7A9}
	EndProjectSection
EndProject
Project("{2150E333-8FDC-42A3-9474-1A3956D46DE8}") = "18. Installer", "18. Installer", "{9FB5DF09-5063-489B-98DF-B7C87FD33FB1}"
EndProject
Project("{FAE04EC0-301F-11D3-BF4B-00C04F79EFBC}") = "Starcounter.Controls.WpfMessageBox", "Starcounter.Installer\Starcounter.Controls.WpfMessageBox\Starcounter.Controls.WpfMessageBox.csproj", "{74CB7AAB-3BB6-4107-A149-254840CDF558}"
EndProject
Project("{FAE04EC0-301F-11D3-BF4B-00C04F79EFBC}") = "Starcounter.InstallerEngine", "Starcounter.Installer\Starcounter.InstallerEngine\Starcounter.InstallerEngine.csproj", "{210AC05E-453F-4AB0-ABFF-10D3804A9596}"
EndProject
Project("{FAE04EC0-301F-11D3-BF4B-00C04F79EFBC}") = "Starcounter.InstallerWPF", "Starcounter.Installer\Starcounter.InstallerWPF\Starcounter.InstallerWPF.csproj", "{13523D29-3DFD-48BC-B8C4-4C7806320B13}"
EndProject
Project("{8BC9CEB8-8B4A-11D0-8D11-00A0C91BC942}") = "CreateShortcut", "Utilities\CreateShortcut\CreateShortcut.vcxproj", "{4ADDEF44-7AC7-44C3-9DC2-6301ECE9CBF6}"
EndProject
Project("{2150E333-8FDC-42A3-9474-1A3956D46DE8}") = "04. XSON", "04. XSON", "{86990518-2C72-4E1D-AE74-214022BD2E54}"
EndProject
Project("{FAE04EC0-301F-11D3-BF4B-00C04F79EFBC}") = "Starcounter.XSON", "Starcounter.XSON\Starcounter.XSON.csproj", "{3EC74B8E-3599-41FD-B336-384861C8971A}"
EndProject
Project("{8BC9CEB8-8B4A-11D0-8D11-00A0C91BC942}") = "scerrres32", "Starcounter.ErrorCodes\scerrres\scerrres32.vcxproj", "{AD78AE53-5B4C-4C20-B66E-78D42008DCE3}"
EndProject
Project("{8BC9CEB8-8B4A-11D0-8D11-00A0C91BC942}") = "urihelp", "libs\urihelp\urihelp.vcxproj", "{D5F60A3B-457B-4462-8CB2-F9B12188B311}"
EndProject
Project("{FAE04EC0-301F-11D3-BF4B-00C04F79EFBC}") = "LoadAndLatency", "Samples\LoadAndLatency\LoadAndLatency.csproj", "{72176ED6-9639-4B39-BF3A-E05F9274EA97}"
EndProject
Project("{FAE04EC0-301F-11D3-BF4B-00C04F79EFBC}") = "SqlCacheTrasher", "Samples\SqlCacheTrasher\SqlCacheTrasher.csproj", "{7B6E429E-E026-4E04-9A3D-76DE94ABA32D}"
EndProject
Project("{FAE04EC0-301F-11D3-BF4B-00C04F79EFBC}") = "PolePosition", "Samples\PolePosition\PolePosition.csproj", "{D4B13F57-763D-4742-BE17-01E93ECF7FC9}"
EndProject
Project("{FAE04EC0-301F-11D3-BF4B-00C04F79EFBC}") = "Starcounter.VS.CSMessageItemTemplate", "Development\Starcounter.VS.CSMessageItemTemplate\Starcounter.VS.CSMessageItemTemplate.csproj", "{009D8737-B1E7-4EEA-B76A-DF237E0ECF88}"
EndProject
Project("{FAE04EC0-301F-11D3-BF4B-00C04F79EFBC}") = "Starcounter.VS.CSPuppetItemTemplate", "Development\Starcounter.VS.CSPuppetItemTemplate\Starcounter.VS.CSPuppetItemTemplate.csproj", "{1307BE9E-94C7-4D9E-AF5E-F2DB4D39517F}"
EndProject
Global
	GlobalSection(SolutionConfigurationPlatforms) = preSolution
		BuildServerTest|x64 = BuildServerTest|x64
		Debug|x64 = Debug|x64
		Release|x64 = Release|x64
	EndGlobalSection
	GlobalSection(ProjectConfigurationPlatforms) = postSolution
		{B427C63B-C13F-47CC-B101-29CED68A68B8}.BuildServerTest|x64.ActiveCfg = Release|x64
		{B427C63B-C13F-47CC-B101-29CED68A68B8}.BuildServerTest|x64.Build.0 = Release|x64
		{B427C63B-C13F-47CC-B101-29CED68A68B8}.Debug|x64.ActiveCfg = Debug|x64
		{B427C63B-C13F-47CC-B101-29CED68A68B8}.Debug|x64.Build.0 = Debug|x64
		{B427C63B-C13F-47CC-B101-29CED68A68B8}.Release|x64.ActiveCfg = Release|x64
		{B427C63B-C13F-47CC-B101-29CED68A68B8}.Release|x64.Build.0 = Release|x64
		{D6998D59-8E4F-42B6-BC63-924D6E69AC6F}.BuildServerTest|x64.ActiveCfg = Release|x64
		{D6998D59-8E4F-42B6-BC63-924D6E69AC6F}.BuildServerTest|x64.Build.0 = Release|x64
		{D6998D59-8E4F-42B6-BC63-924D6E69AC6F}.Debug|x64.ActiveCfg = Debug|x64
		{D6998D59-8E4F-42B6-BC63-924D6E69AC6F}.Debug|x64.Build.0 = Debug|x64
		{D6998D59-8E4F-42B6-BC63-924D6E69AC6F}.Release|x64.ActiveCfg = Release|x64
		{D6998D59-8E4F-42B6-BC63-924D6E69AC6F}.Release|x64.Build.0 = Release|x64
		{7BF06E68-1088-47EE-B06C-DE546AFABDB0}.BuildServerTest|x64.ActiveCfg = Release|Any CPU
		{7BF06E68-1088-47EE-B06C-DE546AFABDB0}.BuildServerTest|x64.Build.0 = Release|Any CPU
		{7BF06E68-1088-47EE-B06C-DE546AFABDB0}.Debug|x64.ActiveCfg = Debug|Any CPU
		{7BF06E68-1088-47EE-B06C-DE546AFABDB0}.Debug|x64.Build.0 = Debug|Any CPU
		{7BF06E68-1088-47EE-B06C-DE546AFABDB0}.Release|x64.ActiveCfg = Release|Any CPU
		{7BF06E68-1088-47EE-B06C-DE546AFABDB0}.Release|x64.Build.0 = Release|Any CPU
		{785E7F33-7D3A-4119-84C1-78819279669C}.BuildServerTest|x64.ActiveCfg = Release|Any CPU
		{785E7F33-7D3A-4119-84C1-78819279669C}.BuildServerTest|x64.Build.0 = Release|Any CPU
		{785E7F33-7D3A-4119-84C1-78819279669C}.Debug|x64.ActiveCfg = Debug|Any CPU
		{785E7F33-7D3A-4119-84C1-78819279669C}.Debug|x64.Build.0 = Debug|Any CPU
		{785E7F33-7D3A-4119-84C1-78819279669C}.Release|x64.ActiveCfg = Release|Any CPU
		{785E7F33-7D3A-4119-84C1-78819279669C}.Release|x64.Build.0 = Release|Any CPU
		{1606D39A-79E6-468E-828A-42526C06A197}.BuildServerTest|x64.ActiveCfg = Release|x64
		{1606D39A-79E6-468E-828A-42526C06A197}.BuildServerTest|x64.Build.0 = Release|x64
		{1606D39A-79E6-468E-828A-42526C06A197}.Debug|x64.ActiveCfg = Debug|x64
		{1606D39A-79E6-468E-828A-42526C06A197}.Debug|x64.Build.0 = Debug|x64
		{1606D39A-79E6-468E-828A-42526C06A197}.Release|x64.ActiveCfg = Release|x64
		{1606D39A-79E6-468E-828A-42526C06A197}.Release|x64.Build.0 = Release|x64
		{8B599BFF-B414-41A3-A270-96CDA0C522AF}.BuildServerTest|x64.ActiveCfg = Release|Any CPU
		{8B599BFF-B414-41A3-A270-96CDA0C522AF}.BuildServerTest|x64.Build.0 = Release|Any CPU
		{8B599BFF-B414-41A3-A270-96CDA0C522AF}.Debug|x64.ActiveCfg = Debug|Any CPU
		{8B599BFF-B414-41A3-A270-96CDA0C522AF}.Debug|x64.Build.0 = Debug|Any CPU
		{8B599BFF-B414-41A3-A270-96CDA0C522AF}.Release|x64.ActiveCfg = Release|Any CPU
		{8B599BFF-B414-41A3-A270-96CDA0C522AF}.Release|x64.Build.0 = Release|Any CPU
		{917A2134-2267-4E27-9415-1D531AADF156}.BuildServerTest|x64.ActiveCfg = Release|Any CPU
		{917A2134-2267-4E27-9415-1D531AADF156}.BuildServerTest|x64.Build.0 = Release|Any CPU
		{917A2134-2267-4E27-9415-1D531AADF156}.Debug|x64.ActiveCfg = Debug|Any CPU
		{917A2134-2267-4E27-9415-1D531AADF156}.Debug|x64.Build.0 = Debug|Any CPU
		{917A2134-2267-4E27-9415-1D531AADF156}.Release|x64.ActiveCfg = Release|Any CPU
		{917A2134-2267-4E27-9415-1D531AADF156}.Release|x64.Build.0 = Release|Any CPU
		{015A94BB-8483-4227-90D6-A08D092212BD}.BuildServerTest|x64.ActiveCfg = Release|Any CPU
		{015A94BB-8483-4227-90D6-A08D092212BD}.BuildServerTest|x64.Build.0 = Release|Any CPU
		{015A94BB-8483-4227-90D6-A08D092212BD}.Debug|x64.ActiveCfg = Debug|Any CPU
		{015A94BB-8483-4227-90D6-A08D092212BD}.Debug|x64.Build.0 = Debug|Any CPU
		{015A94BB-8483-4227-90D6-A08D092212BD}.Release|x64.ActiveCfg = Release|Any CPU
		{015A94BB-8483-4227-90D6-A08D092212BD}.Release|x64.Build.0 = Release|Any CPU
		{4F5A9009-7528-43E9-9142-26CF6A9F3ED7}.BuildServerTest|x64.ActiveCfg = Release|x64
		{4F5A9009-7528-43E9-9142-26CF6A9F3ED7}.BuildServerTest|x64.Build.0 = Release|x64
		{4F5A9009-7528-43E9-9142-26CF6A9F3ED7}.Debug|x64.ActiveCfg = Debug|x64
		{4F5A9009-7528-43E9-9142-26CF6A9F3ED7}.Debug|x64.Build.0 = Debug|x64
		{4F5A9009-7528-43E9-9142-26CF6A9F3ED7}.Release|x64.ActiveCfg = Release|x64
		{4F5A9009-7528-43E9-9142-26CF6A9F3ED7}.Release|x64.Build.0 = Release|x64
		{6665517F-743D-4809-94D3-13325FC2AF74}.BuildServerTest|x64.ActiveCfg = Release|x64
		{6665517F-743D-4809-94D3-13325FC2AF74}.BuildServerTest|x64.Build.0 = Release|x64
		{6665517F-743D-4809-94D3-13325FC2AF74}.Debug|x64.ActiveCfg = Debug|x64
		{6665517F-743D-4809-94D3-13325FC2AF74}.Debug|x64.Build.0 = Debug|x64
		{6665517F-743D-4809-94D3-13325FC2AF74}.Release|x64.ActiveCfg = Release|x64
		{6665517F-743D-4809-94D3-13325FC2AF74}.Release|x64.Build.0 = Release|x64
		{90D57166-B42E-4BBE-B9EC-CFB33E551B77}.BuildServerTest|x64.ActiveCfg = Release|Any CPU
		{90D57166-B42E-4BBE-B9EC-CFB33E551B77}.BuildServerTest|x64.Build.0 = Release|Any CPU
		{90D57166-B42E-4BBE-B9EC-CFB33E551B77}.Debug|x64.ActiveCfg = Debug|Any CPU
		{90D57166-B42E-4BBE-B9EC-CFB33E551B77}.Debug|x64.Build.0 = Debug|Any CPU
		{90D57166-B42E-4BBE-B9EC-CFB33E551B77}.Release|x64.ActiveCfg = Release|Any CPU
		{90D57166-B42E-4BBE-B9EC-CFB33E551B77}.Release|x64.Build.0 = Release|Any CPU
		{9E8D97FC-87A3-4A7C-B318-9414B5EEA60E}.BuildServerTest|x64.ActiveCfg = Release|Any CPU
		{9E8D97FC-87A3-4A7C-B318-9414B5EEA60E}.BuildServerTest|x64.Build.0 = Release|Any CPU
		{9E8D97FC-87A3-4A7C-B318-9414B5EEA60E}.Debug|x64.ActiveCfg = Debug|Any CPU
		{9E8D97FC-87A3-4A7C-B318-9414B5EEA60E}.Debug|x64.Build.0 = Debug|Any CPU
		{9E8D97FC-87A3-4A7C-B318-9414B5EEA60E}.Release|x64.ActiveCfg = Release|Any CPU
		{9E8D97FC-87A3-4A7C-B318-9414B5EEA60E}.Release|x64.Build.0 = Release|Any CPU
		{5A65D606-6613-4139-8853-B5F26313E4DF}.BuildServerTest|x64.ActiveCfg = Release|x64
		{5A65D606-6613-4139-8853-B5F26313E4DF}.BuildServerTest|x64.Build.0 = Release|x64
		{5A65D606-6613-4139-8853-B5F26313E4DF}.Debug|x64.ActiveCfg = Debug|x64
		{5A65D606-6613-4139-8853-B5F26313E4DF}.Debug|x64.Build.0 = Debug|x64
		{5A65D606-6613-4139-8853-B5F26313E4DF}.Release|x64.ActiveCfg = Release|x64
		{5A65D606-6613-4139-8853-B5F26313E4DF}.Release|x64.Build.0 = Release|x64
		{1F4D1E72-C615-42B1-9B29-D5A9CEDE09E0}.BuildServerTest|x64.ActiveCfg = Release|Any CPU
		{1F4D1E72-C615-42B1-9B29-D5A9CEDE09E0}.BuildServerTest|x64.Build.0 = Release|Any CPU
		{1F4D1E72-C615-42B1-9B29-D5A9CEDE09E0}.Debug|x64.ActiveCfg = Debug|Any CPU
		{1F4D1E72-C615-42B1-9B29-D5A9CEDE09E0}.Debug|x64.Build.0 = Debug|Any CPU
		{1F4D1E72-C615-42B1-9B29-D5A9CEDE09E0}.Release|x64.ActiveCfg = Release|Any CPU
		{1F4D1E72-C615-42B1-9B29-D5A9CEDE09E0}.Release|x64.Build.0 = Release|Any CPU
		{8278B17C-E0E9-49B7-8BDA-F15282445D45}.BuildServerTest|x64.ActiveCfg = Release|x64
		{8278B17C-E0E9-49B7-8BDA-F15282445D45}.BuildServerTest|x64.Build.0 = Release|x64
		{8278B17C-E0E9-49B7-8BDA-F15282445D45}.Debug|x64.ActiveCfg = Debug|x64
		{8278B17C-E0E9-49B7-8BDA-F15282445D45}.Debug|x64.Build.0 = Debug|x64
		{8278B17C-E0E9-49B7-8BDA-F15282445D45}.Release|x64.ActiveCfg = Release|x64
		{8278B17C-E0E9-49B7-8BDA-F15282445D45}.Release|x64.Build.0 = Release|x64
		{DD181012-DD9C-410F-AD8E-01D062CAC820}.BuildServerTest|x64.ActiveCfg = Release|Any CPU
		{DD181012-DD9C-410F-AD8E-01D062CAC820}.BuildServerTest|x64.Build.0 = Release|Any CPU
		{DD181012-DD9C-410F-AD8E-01D062CAC820}.Debug|x64.ActiveCfg = Debug|Any CPU
		{DD181012-DD9C-410F-AD8E-01D062CAC820}.Debug|x64.Build.0 = Debug|Any CPU
		{DD181012-DD9C-410F-AD8E-01D062CAC820}.Release|x64.ActiveCfg = Release|Any CPU
		{DD181012-DD9C-410F-AD8E-01D062CAC820}.Release|x64.Build.0 = Release|Any CPU
		{AD395461-89C1-4EFA-AEEF-8AE43C6B656D}.BuildServerTest|x64.ActiveCfg = ReleaseLoopedTest|x64
		{AD395461-89C1-4EFA-AEEF-8AE43C6B656D}.BuildServerTest|x64.Build.0 = ReleaseLoopedTest|x64
		{AD395461-89C1-4EFA-AEEF-8AE43C6B656D}.Debug|x64.ActiveCfg = Debug|x64
		{AD395461-89C1-4EFA-AEEF-8AE43C6B656D}.Debug|x64.Build.0 = Debug|x64
		{AD395461-89C1-4EFA-AEEF-8AE43C6B656D}.Release|x64.ActiveCfg = Release|x64
		{AD395461-89C1-4EFA-AEEF-8AE43C6B656D}.Release|x64.Build.0 = Release|x64
		{C3E5398F-48FB-4565-8720-D73AF2ACFC1C}.BuildServerTest|x64.ActiveCfg = Release|x64
		{C3E5398F-48FB-4565-8720-D73AF2ACFC1C}.BuildServerTest|x64.Build.0 = Release|x64
		{C3E5398F-48FB-4565-8720-D73AF2ACFC1C}.Debug|x64.ActiveCfg = Debug|x64
		{C3E5398F-48FB-4565-8720-D73AF2ACFC1C}.Debug|x64.Build.0 = Debug|x64
		{C3E5398F-48FB-4565-8720-D73AF2ACFC1C}.Release|x64.ActiveCfg = Release|x64
		{C3E5398F-48FB-4565-8720-D73AF2ACFC1C}.Release|x64.Build.0 = Release|x64
		{BBAAD98C-2661-42DC-85E4-3F2D11BBE010}.BuildServerTest|x64.ActiveCfg = Release|x64
		{BBAAD98C-2661-42DC-85E4-3F2D11BBE010}.BuildServerTest|x64.Build.0 = Release|x64
		{BBAAD98C-2661-42DC-85E4-3F2D11BBE010}.Debug|x64.ActiveCfg = Debug|x64
		{BBAAD98C-2661-42DC-85E4-3F2D11BBE010}.Debug|x64.Build.0 = Debug|x64
		{BBAAD98C-2661-42DC-85E4-3F2D11BBE010}.Release|x64.ActiveCfg = Release|x64
		{BBAAD98C-2661-42DC-85E4-3F2D11BBE010}.Release|x64.Build.0 = Release|x64
		{02EA0FB4-CC2F-4DAC-A58A-1F3115B7FAE8}.BuildServerTest|x64.ActiveCfg = Release|x64
		{02EA0FB4-CC2F-4DAC-A58A-1F3115B7FAE8}.BuildServerTest|x64.Build.0 = Release|x64
		{02EA0FB4-CC2F-4DAC-A58A-1F3115B7FAE8}.Debug|x64.ActiveCfg = Debug|x64
		{02EA0FB4-CC2F-4DAC-A58A-1F3115B7FAE8}.Debug|x64.Build.0 = Debug|x64
		{02EA0FB4-CC2F-4DAC-A58A-1F3115B7FAE8}.Release|x64.ActiveCfg = Release|x64
		{02EA0FB4-CC2F-4DAC-A58A-1F3115B7FAE8}.Release|x64.Build.0 = Release|x64
		{84E160E1-E32F-45F9-BE7B-8E093D68975F}.BuildServerTest|x64.ActiveCfg = Release|x64
		{84E160E1-E32F-45F9-BE7B-8E093D68975F}.BuildServerTest|x64.Build.0 = Release|x64
		{84E160E1-E32F-45F9-BE7B-8E093D68975F}.Debug|x64.ActiveCfg = Debug|x64
		{84E160E1-E32F-45F9-BE7B-8E093D68975F}.Debug|x64.Build.0 = Debug|x64
		{84E160E1-E32F-45F9-BE7B-8E093D68975F}.Release|x64.ActiveCfg = Release|x64
		{84E160E1-E32F-45F9-BE7B-8E093D68975F}.Release|x64.Build.0 = Release|x64
		{5546E8C2-844A-4662-84FA-B47D88E515CE}.BuildServerTest|x64.ActiveCfg = Release|x64
		{5546E8C2-844A-4662-84FA-B47D88E515CE}.BuildServerTest|x64.Build.0 = Release|x64
		{5546E8C2-844A-4662-84FA-B47D88E515CE}.Debug|x64.ActiveCfg = Debug|x64
		{5546E8C2-844A-4662-84FA-B47D88E515CE}.Debug|x64.Build.0 = Debug|x64
		{5546E8C2-844A-4662-84FA-B47D88E515CE}.Release|x64.ActiveCfg = Release|x64
		{5546E8C2-844A-4662-84FA-B47D88E515CE}.Release|x64.Build.0 = Release|x64
		{2042C9E2-BEA5-4745-8EC1-EFF5CFDF08EA}.BuildServerTest|x64.ActiveCfg = Release|x64
		{2042C9E2-BEA5-4745-8EC1-EFF5CFDF08EA}.BuildServerTest|x64.Build.0 = Release|x64
		{2042C9E2-BEA5-4745-8EC1-EFF5CFDF08EA}.Debug|x64.ActiveCfg = Debug|x64
		{2042C9E2-BEA5-4745-8EC1-EFF5CFDF08EA}.Debug|x64.Build.0 = Debug|x64
		{2042C9E2-BEA5-4745-8EC1-EFF5CFDF08EA}.Release|x64.ActiveCfg = Release|x64
		{2042C9E2-BEA5-4745-8EC1-EFF5CFDF08EA}.Release|x64.Build.0 = Release|x64
		{710365C1-63CC-4C65-B3D1-FF1BE8E1D276}.BuildServerTest|x64.ActiveCfg = Release|x64
		{710365C1-63CC-4C65-B3D1-FF1BE8E1D276}.BuildServerTest|x64.Build.0 = Release|x64
		{710365C1-63CC-4C65-B3D1-FF1BE8E1D276}.Debug|x64.ActiveCfg = Debug|x64
		{710365C1-63CC-4C65-B3D1-FF1BE8E1D276}.Debug|x64.Build.0 = Debug|x64
		{710365C1-63CC-4C65-B3D1-FF1BE8E1D276}.Release|x64.ActiveCfg = Release|x64
		{710365C1-63CC-4C65-B3D1-FF1BE8E1D276}.Release|x64.Build.0 = Release|x64
		{828ECAC2-9748-4E7F-BDC0-6D154C90B9C3}.BuildServerTest|x64.ActiveCfg = Release|x64
		{828ECAC2-9748-4E7F-BDC0-6D154C90B9C3}.BuildServerTest|x64.Build.0 = Release|x64
		{828ECAC2-9748-4E7F-BDC0-6D154C90B9C3}.Debug|x64.ActiveCfg = Debug|x64
		{828ECAC2-9748-4E7F-BDC0-6D154C90B9C3}.Debug|x64.Build.0 = Debug|x64
		{828ECAC2-9748-4E7F-BDC0-6D154C90B9C3}.Release|x64.ActiveCfg = Release|x64
		{828ECAC2-9748-4E7F-BDC0-6D154C90B9C3}.Release|x64.Build.0 = Release|x64
		{8312DE1E-1E35-42FD-902A-2FE517396240}.BuildServerTest|x64.ActiveCfg = Release|x64
		{8312DE1E-1E35-42FD-902A-2FE517396240}.BuildServerTest|x64.Build.0 = Release|x64
		{8312DE1E-1E35-42FD-902A-2FE517396240}.Debug|x64.ActiveCfg = Debug|x64
		{8312DE1E-1E35-42FD-902A-2FE517396240}.Debug|x64.Build.0 = Debug|x64
		{8312DE1E-1E35-42FD-902A-2FE517396240}.Release|x64.ActiveCfg = Release|x64
		{8312DE1E-1E35-42FD-902A-2FE517396240}.Release|x64.Build.0 = Release|x64
		{FDC1CC89-8EE8-439D-8F50-16789D742274}.BuildServerTest|x64.ActiveCfg = Release|x64
		{FDC1CC89-8EE8-439D-8F50-16789D742274}.BuildServerTest|x64.Build.0 = Release|x64
		{FDC1CC89-8EE8-439D-8F50-16789D742274}.Debug|x64.ActiveCfg = Debug|x64
		{FDC1CC89-8EE8-439D-8F50-16789D742274}.Debug|x64.Build.0 = Debug|x64
		{FDC1CC89-8EE8-439D-8F50-16789D742274}.Release|x64.ActiveCfg = Release|x64
		{FDC1CC89-8EE8-439D-8F50-16789D742274}.Release|x64.Build.0 = Release|x64
		{6B8B91CD-9DA4-4585-B9A0-84B75A5D42F6}.BuildServerTest|x64.ActiveCfg = Release|x64
		{6B8B91CD-9DA4-4585-B9A0-84B75A5D42F6}.BuildServerTest|x64.Build.0 = Release|x64
		{6B8B91CD-9DA4-4585-B9A0-84B75A5D42F6}.Debug|x64.ActiveCfg = Debug|x64
		{6B8B91CD-9DA4-4585-B9A0-84B75A5D42F6}.Debug|x64.Build.0 = Debug|x64
		{6B8B91CD-9DA4-4585-B9A0-84B75A5D42F6}.Release|x64.ActiveCfg = Release|x64
		{6B8B91CD-9DA4-4585-B9A0-84B75A5D42F6}.Release|x64.Build.0 = Release|x64
		{B7C456DA-CF64-4689-9389-82E912F84F23}.BuildServerTest|x64.ActiveCfg = Release|x64
		{B7C456DA-CF64-4689-9389-82E912F84F23}.BuildServerTest|x64.Build.0 = Release|x64
		{B7C456DA-CF64-4689-9389-82E912F84F23}.Debug|x64.ActiveCfg = Debug|x64
		{B7C456DA-CF64-4689-9389-82E912F84F23}.Debug|x64.Build.0 = Debug|x64
		{B7C456DA-CF64-4689-9389-82E912F84F23}.Release|x64.ActiveCfg = Release|x64
		{B7C456DA-CF64-4689-9389-82E912F84F23}.Release|x64.Build.0 = Release|x64
		{C6B4BA42-680C-446D-9B89-1C82D443DC75}.BuildServerTest|x64.ActiveCfg = Release|x64
		{C6B4BA42-680C-446D-9B89-1C82D443DC75}.BuildServerTest|x64.Build.0 = Release|x64
		{C6B4BA42-680C-446D-9B89-1C82D443DC75}.Debug|x64.ActiveCfg = Debug|x64
		{C6B4BA42-680C-446D-9B89-1C82D443DC75}.Debug|x64.Build.0 = Debug|x64
		{C6B4BA42-680C-446D-9B89-1C82D443DC75}.Release|x64.ActiveCfg = Release|x64
		{C6B4BA42-680C-446D-9B89-1C82D443DC75}.Release|x64.Build.0 = Release|x64
		{F3846C95-36FD-4C91-A318-4C1542EA559B}.BuildServerTest|x64.ActiveCfg = Release|Any CPU
		{F3846C95-36FD-4C91-A318-4C1542EA559B}.BuildServerTest|x64.Build.0 = Release|Any CPU
		{F3846C95-36FD-4C91-A318-4C1542EA559B}.Debug|x64.ActiveCfg = Debug|Any CPU
		{F3846C95-36FD-4C91-A318-4C1542EA559B}.Debug|x64.Build.0 = Debug|Any CPU
		{F3846C95-36FD-4C91-A318-4C1542EA559B}.Release|x64.ActiveCfg = Release|Any CPU
		{F3846C95-36FD-4C91-A318-4C1542EA559B}.Release|x64.Build.0 = Release|Any CPU
		{42137E4C-AFE5-4C60-B970-3343C3B3EC30}.BuildServerTest|x64.ActiveCfg = Release|x64
		{42137E4C-AFE5-4C60-B970-3343C3B3EC30}.BuildServerTest|x64.Build.0 = Release|x64
		{42137E4C-AFE5-4C60-B970-3343C3B3EC30}.Debug|x64.ActiveCfg = Debug|x64
		{42137E4C-AFE5-4C60-B970-3343C3B3EC30}.Debug|x64.Build.0 = Debug|x64
		{42137E4C-AFE5-4C60-B970-3343C3B3EC30}.Release|x64.ActiveCfg = Release|x64
		{42137E4C-AFE5-4C60-B970-3343C3B3EC30}.Release|x64.Build.0 = Release|x64
		{B1EC8976-B515-4308-89C3-319543A0C7A9}.BuildServerTest|x64.ActiveCfg = Release|x64
		{B1EC8976-B515-4308-89C3-319543A0C7A9}.BuildServerTest|x64.Build.0 = Release|x64
		{B1EC8976-B515-4308-89C3-319543A0C7A9}.Debug|x64.ActiveCfg = Debug|x64
		{B1EC8976-B515-4308-89C3-319543A0C7A9}.Debug|x64.Build.0 = Debug|x64
		{B1EC8976-B515-4308-89C3-319543A0C7A9}.Release|x64.ActiveCfg = Release|x64
		{B1EC8976-B515-4308-89C3-319543A0C7A9}.Release|x64.Build.0 = Release|x64
		{8670B44F-5240-4E27-AEAC-E7C58F626777}.BuildServerTest|x64.ActiveCfg = Release|x64
		{8670B44F-5240-4E27-AEAC-E7C58F626777}.BuildServerTest|x64.Build.0 = Release|x64
		{8670B44F-5240-4E27-AEAC-E7C58F626777}.Debug|x64.ActiveCfg = Debug|x64
		{8670B44F-5240-4E27-AEAC-E7C58F626777}.Debug|x64.Build.0 = Debug|x64
		{8670B44F-5240-4E27-AEAC-E7C58F626777}.Release|x64.ActiveCfg = Release|x64
		{8670B44F-5240-4E27-AEAC-E7C58F626777}.Release|x64.Build.0 = Release|x64
		{76C95AD5-A9B4-4672-856A-18A1CE45D2B1}.BuildServerTest|x64.ActiveCfg = Release|x64
		{76C95AD5-A9B4-4672-856A-18A1CE45D2B1}.BuildServerTest|x64.Build.0 = Release|x64
		{76C95AD5-A9B4-4672-856A-18A1CE45D2B1}.Debug|x64.ActiveCfg = Debug|x64
		{76C95AD5-A9B4-4672-856A-18A1CE45D2B1}.Debug|x64.Build.0 = Debug|x64
		{76C95AD5-A9B4-4672-856A-18A1CE45D2B1}.Release|x64.ActiveCfg = Release|x64
		{76C95AD5-A9B4-4672-856A-18A1CE45D2B1}.Release|x64.Build.0 = Release|x64
		{8D3E6472-7E47-4266-947B-659F17F641F1}.BuildServerTest|x64.ActiveCfg = Release|Any CPU
		{8D3E6472-7E47-4266-947B-659F17F641F1}.BuildServerTest|x64.Build.0 = Release|Any CPU
		{8D3E6472-7E47-4266-947B-659F17F641F1}.Debug|x64.ActiveCfg = Debug|Any CPU
		{8D3E6472-7E47-4266-947B-659F17F641F1}.Debug|x64.Build.0 = Debug|Any CPU
		{8D3E6472-7E47-4266-947B-659F17F641F1}.Release|x64.ActiveCfg = Release|Any CPU
		{8D3E6472-7E47-4266-947B-659F17F641F1}.Release|x64.Build.0 = Release|Any CPU
		{EA81E2C5-0477-42AB-82F2-B57228AF694E}.BuildServerTest|x64.ActiveCfg = Release|Any CPU
		{EA81E2C5-0477-42AB-82F2-B57228AF694E}.BuildServerTest|x64.Build.0 = Release|Any CPU
		{EA81E2C5-0477-42AB-82F2-B57228AF694E}.Debug|x64.ActiveCfg = Debug|Any CPU
		{EA81E2C5-0477-42AB-82F2-B57228AF694E}.Debug|x64.Build.0 = Debug|Any CPU
		{EA81E2C5-0477-42AB-82F2-B57228AF694E}.Release|x64.ActiveCfg = Release|Any CPU
		{EA81E2C5-0477-42AB-82F2-B57228AF694E}.Release|x64.Build.0 = Release|Any CPU
		{AD049DC9-C2CA-4D87-AAD4-875C004C0EC5}.BuildServerTest|x64.ActiveCfg = Release|Any CPU
		{AD049DC9-C2CA-4D87-AAD4-875C004C0EC5}.BuildServerTest|x64.Build.0 = Release|Any CPU
		{AD049DC9-C2CA-4D87-AAD4-875C004C0EC5}.Debug|x64.ActiveCfg = Debug|Any CPU
		{AD049DC9-C2CA-4D87-AAD4-875C004C0EC5}.Debug|x64.Build.0 = Debug|Any CPU
		{AD049DC9-C2CA-4D87-AAD4-875C004C0EC5}.Release|x64.ActiveCfg = Release|Any CPU
		{AD049DC9-C2CA-4D87-AAD4-875C004C0EC5}.Release|x64.Build.0 = Release|Any CPU
		{A9AE40FF-1A21-414A-9FE7-3BE13644CC6D}.BuildServerTest|x64.ActiveCfg = Release|Any CPU
		{A9AE40FF-1A21-414A-9FE7-3BE13644CC6D}.BuildServerTest|x64.Build.0 = Release|Any CPU
		{A9AE40FF-1A21-414A-9FE7-3BE13644CC6D}.Debug|x64.ActiveCfg = Debug|Any CPU
		{A9AE40FF-1A21-414A-9FE7-3BE13644CC6D}.Debug|x64.Build.0 = Debug|Any CPU
		{A9AE40FF-1A21-414A-9FE7-3BE13644CC6D}.Release|x64.ActiveCfg = Release|Any CPU
		{A9AE40FF-1A21-414A-9FE7-3BE13644CC6D}.Release|x64.Build.0 = Release|Any CPU
		{1028002A-BBE2-4FF2-94B7-A8368A8F6887}.BuildServerTest|x64.ActiveCfg = Release|Any CPU
		{1028002A-BBE2-4FF2-94B7-A8368A8F6887}.BuildServerTest|x64.Build.0 = Release|Any CPU
		{1028002A-BBE2-4FF2-94B7-A8368A8F6887}.Debug|x64.ActiveCfg = Debug|Any CPU
		{1028002A-BBE2-4FF2-94B7-A8368A8F6887}.Debug|x64.Build.0 = Debug|Any CPU
		{1028002A-BBE2-4FF2-94B7-A8368A8F6887}.Release|x64.ActiveCfg = Release|Any CPU
		{1028002A-BBE2-4FF2-94B7-A8368A8F6887}.Release|x64.Build.0 = Release|Any CPU
		{28E1D438-7DC4-4BF7-A486-0598C78DBBE9}.BuildServerTest|x64.ActiveCfg = Release|Any CPU
		{28E1D438-7DC4-4BF7-A486-0598C78DBBE9}.BuildServerTest|x64.Build.0 = Release|Any CPU
		{28E1D438-7DC4-4BF7-A486-0598C78DBBE9}.Debug|x64.ActiveCfg = Debug|Any CPU
		{28E1D438-7DC4-4BF7-A486-0598C78DBBE9}.Debug|x64.Build.0 = Debug|Any CPU
		{28E1D438-7DC4-4BF7-A486-0598C78DBBE9}.Release|x64.ActiveCfg = Release|Any CPU
		{28E1D438-7DC4-4BF7-A486-0598C78DBBE9}.Release|x64.Build.0 = Release|Any CPU
		{885EB31B-CF41-4C6C-A7BE-53B32A0C8B82}.BuildServerTest|x64.ActiveCfg = Release|x64
		{885EB31B-CF41-4C6C-A7BE-53B32A0C8B82}.BuildServerTest|x64.Build.0 = Release|x64
		{885EB31B-CF41-4C6C-A7BE-53B32A0C8B82}.Debug|x64.ActiveCfg = Debug|x64
		{885EB31B-CF41-4C6C-A7BE-53B32A0C8B82}.Debug|x64.Build.0 = Debug|x64
		{885EB31B-CF41-4C6C-A7BE-53B32A0C8B82}.Release|x64.ActiveCfg = Release|x64
		{885EB31B-CF41-4C6C-A7BE-53B32A0C8B82}.Release|x64.Build.0 = Release|x64
		{A1FAE6E5-8EBB-42C3-9FC2-33D67917067D}.BuildServerTest|x64.ActiveCfg = Release|Any CPU
		{A1FAE6E5-8EBB-42C3-9FC2-33D67917067D}.BuildServerTest|x64.Build.0 = Release|Any CPU
		{A1FAE6E5-8EBB-42C3-9FC2-33D67917067D}.Debug|x64.ActiveCfg = Debug|Any CPU
		{A1FAE6E5-8EBB-42C3-9FC2-33D67917067D}.Debug|x64.Build.0 = Debug|Any CPU
		{A1FAE6E5-8EBB-42C3-9FC2-33D67917067D}.Release|x64.ActiveCfg = Release|Any CPU
		{A1FAE6E5-8EBB-42C3-9FC2-33D67917067D}.Release|x64.Build.0 = Release|Any CPU
		{2F1B4CDB-2A7E-405E-A774-EC9D9AF9BD3F}.BuildServerTest|x64.ActiveCfg = Release|x64
		{2F1B4CDB-2A7E-405E-A774-EC9D9AF9BD3F}.Debug|x64.ActiveCfg = Debug|x64
		{2F1B4CDB-2A7E-405E-A774-EC9D9AF9BD3F}.Release|x64.ActiveCfg = Release|x64
		{AC2A8729-1693-47DA-9723-C54EAD0EEECF}.BuildServerTest|x64.ActiveCfg = Release|Any CPU
		{AC2A8729-1693-47DA-9723-C54EAD0EEECF}.BuildServerTest|x64.Build.0 = Release|Any CPU
		{AC2A8729-1693-47DA-9723-C54EAD0EEECF}.Debug|x64.ActiveCfg = Debug|Any CPU
		{AC2A8729-1693-47DA-9723-C54EAD0EEECF}.Debug|x64.Build.0 = Debug|Any CPU
		{AC2A8729-1693-47DA-9723-C54EAD0EEECF}.Release|x64.ActiveCfg = Release|Any CPU
		{AC2A8729-1693-47DA-9723-C54EAD0EEECF}.Release|x64.Build.0 = Release|Any CPU
		{75FD7F1C-71C9-4083-8F70-D20B2C665F77}.BuildServerTest|x64.ActiveCfg = Release|Any CPU
		{75FD7F1C-71C9-4083-8F70-D20B2C665F77}.BuildServerTest|x64.Build.0 = Release|Any CPU
		{75FD7F1C-71C9-4083-8F70-D20B2C665F77}.Debug|x64.ActiveCfg = Debug|Any CPU
		{75FD7F1C-71C9-4083-8F70-D20B2C665F77}.Debug|x64.Build.0 = Debug|Any CPU
		{75FD7F1C-71C9-4083-8F70-D20B2C665F77}.Release|x64.ActiveCfg = Release|Any CPU
		{75FD7F1C-71C9-4083-8F70-D20B2C665F77}.Release|x64.Build.0 = Release|Any CPU
		{0E242B9D-C9FB-4975-B2A5-885DF7232582}.BuildServerTest|x64.ActiveCfg = Release|Any CPU
		{0E242B9D-C9FB-4975-B2A5-885DF7232582}.BuildServerTest|x64.Build.0 = Release|Any CPU
		{0E242B9D-C9FB-4975-B2A5-885DF7232582}.Debug|x64.ActiveCfg = Debug|Any CPU
		{0E242B9D-C9FB-4975-B2A5-885DF7232582}.Debug|x64.Build.0 = Debug|Any CPU
		{0E242B9D-C9FB-4975-B2A5-885DF7232582}.Release|x64.ActiveCfg = Release|Any CPU
		{0E242B9D-C9FB-4975-B2A5-885DF7232582}.Release|x64.Build.0 = Release|Any CPU
		{524A9D92-4E74-413B-85E1-B3E893B4A25A}.BuildServerTest|x64.ActiveCfg = Release|Any CPU
		{524A9D92-4E74-413B-85E1-B3E893B4A25A}.BuildServerTest|x64.Build.0 = Release|Any CPU
		{524A9D92-4E74-413B-85E1-B3E893B4A25A}.Debug|x64.ActiveCfg = Debug|Any CPU
		{524A9D92-4E74-413B-85E1-B3E893B4A25A}.Debug|x64.Build.0 = Debug|Any CPU
		{524A9D92-4E74-413B-85E1-B3E893B4A25A}.Release|x64.ActiveCfg = Release|Any CPU
		{524A9D92-4E74-413B-85E1-B3E893B4A25A}.Release|x64.Build.0 = Release|Any CPU
		{7DB7527C-79F6-4C05-A8CF-B7A52E5E7A19}.BuildServerTest|x64.ActiveCfg = Release|Any CPU
		{7DB7527C-79F6-4C05-A8CF-B7A52E5E7A19}.BuildServerTest|x64.Build.0 = Release|Any CPU
		{7DB7527C-79F6-4C05-A8CF-B7A52E5E7A19}.Debug|x64.ActiveCfg = Debug|Any CPU
		{7DB7527C-79F6-4C05-A8CF-B7A52E5E7A19}.Debug|x64.Build.0 = Debug|Any CPU
		{7DB7527C-79F6-4C05-A8CF-B7A52E5E7A19}.Release|x64.ActiveCfg = Release|Any CPU
		{7DB7527C-79F6-4C05-A8CF-B7A52E5E7A19}.Release|x64.Build.0 = Release|Any CPU
		{060B3C32-4504-4F5E-9089-A6FDE561AA23}.BuildServerTest|x64.ActiveCfg = Release|x64
		{060B3C32-4504-4F5E-9089-A6FDE561AA23}.BuildServerTest|x64.Build.0 = Release|x64
		{060B3C32-4504-4F5E-9089-A6FDE561AA23}.Debug|x64.ActiveCfg = Debug|x64
		{060B3C32-4504-4F5E-9089-A6FDE561AA23}.Debug|x64.Build.0 = Debug|x64
		{060B3C32-4504-4F5E-9089-A6FDE561AA23}.Release|x64.ActiveCfg = Release|x64
		{060B3C32-4504-4F5E-9089-A6FDE561AA23}.Release|x64.Build.0 = Release|x64
		{E3390A15-3D80-4166-9D2F-BBEF33BB95A0}.BuildServerTest|x64.ActiveCfg = Release|x64
		{E3390A15-3D80-4166-9D2F-BBEF33BB95A0}.BuildServerTest|x64.Build.0 = Release|x64
		{E3390A15-3D80-4166-9D2F-BBEF33BB95A0}.Debug|x64.ActiveCfg = Debug|x64
		{E3390A15-3D80-4166-9D2F-BBEF33BB95A0}.Debug|x64.Build.0 = Debug|x64
		{E3390A15-3D80-4166-9D2F-BBEF33BB95A0}.Release|x64.ActiveCfg = Release|x64
		{E3390A15-3D80-4166-9D2F-BBEF33BB95A0}.Release|x64.Build.0 = Release|x64
		{9EC88A3E-0A53-4982-8548-BF262F2DDDE7}.BuildServerTest|x64.ActiveCfg = Release|Any CPU
		{9EC88A3E-0A53-4982-8548-BF262F2DDDE7}.BuildServerTest|x64.Build.0 = Release|Any CPU
		{9EC88A3E-0A53-4982-8548-BF262F2DDDE7}.Debug|x64.ActiveCfg = Debug|Any CPU
		{9EC88A3E-0A53-4982-8548-BF262F2DDDE7}.Debug|x64.Build.0 = Debug|Any CPU
		{9EC88A3E-0A53-4982-8548-BF262F2DDDE7}.Release|x64.ActiveCfg = Release|Any CPU
		{9EC88A3E-0A53-4982-8548-BF262F2DDDE7}.Release|x64.Build.0 = Release|Any CPU
		{EC69526F-72FB-4E26-AD8D-7CF22B145C93}.BuildServerTest|x64.ActiveCfg = Release|Any CPU
		{EC69526F-72FB-4E26-AD8D-7CF22B145C93}.BuildServerTest|x64.Build.0 = Release|Any CPU
		{EC69526F-72FB-4E26-AD8D-7CF22B145C93}.Debug|x64.ActiveCfg = Debug|Any CPU
		{EC69526F-72FB-4E26-AD8D-7CF22B145C93}.Debug|x64.Build.0 = Debug|Any CPU
		{EC69526F-72FB-4E26-AD8D-7CF22B145C93}.Release|x64.ActiveCfg = Release|Any CPU
		{EC69526F-72FB-4E26-AD8D-7CF22B145C93}.Release|x64.Build.0 = Release|Any CPU
		{D0026211-2592-42FD-AD67-BF609803D2DB}.BuildServerTest|x64.ActiveCfg = Release|x64
		{D0026211-2592-42FD-AD67-BF609803D2DB}.BuildServerTest|x64.Build.0 = Release|x64
		{D0026211-2592-42FD-AD67-BF609803D2DB}.Debug|x64.ActiveCfg = Debug|x64
		{D0026211-2592-42FD-AD67-BF609803D2DB}.Debug|x64.Build.0 = Debug|x64
		{D0026211-2592-42FD-AD67-BF609803D2DB}.Release|x64.ActiveCfg = Release|x64
		{D0026211-2592-42FD-AD67-BF609803D2DB}.Release|x64.Build.0 = Release|x64
		{84C29D6B-3FD3-4806-BDC8-A9C9426EF093}.BuildServerTest|x64.ActiveCfg = Release|x64
		{84C29D6B-3FD3-4806-BDC8-A9C9426EF093}.BuildServerTest|x64.Build.0 = Release|x64
		{84C29D6B-3FD3-4806-BDC8-A9C9426EF093}.Debug|x64.ActiveCfg = Debug|x64
		{84C29D6B-3FD3-4806-BDC8-A9C9426EF093}.Debug|x64.Build.0 = Debug|x64
		{84C29D6B-3FD3-4806-BDC8-A9C9426EF093}.Release|x64.ActiveCfg = Release|x64
		{84C29D6B-3FD3-4806-BDC8-A9C9426EF093}.Release|x64.Build.0 = Release|x64
		{594FE78A-A893-4757-A946-5ED350D383D2}.BuildServerTest|x64.ActiveCfg = Release|x64
		{594FE78A-A893-4757-A946-5ED350D383D2}.BuildServerTest|x64.Build.0 = Release|x64
		{594FE78A-A893-4757-A946-5ED350D383D2}.Debug|x64.ActiveCfg = Debug|x64
		{594FE78A-A893-4757-A946-5ED350D383D2}.Debug|x64.Build.0 = Debug|x64
		{594FE78A-A893-4757-A946-5ED350D383D2}.Release|x64.ActiveCfg = Release|x64
		{594FE78A-A893-4757-A946-5ED350D383D2}.Release|x64.Build.0 = Release|x64
		{C4F742BA-53B7-40B2-816E-F337B1ECDDD2}.BuildServerTest|x64.ActiveCfg = Release|x64
		{C4F742BA-53B7-40B2-816E-F337B1ECDDD2}.BuildServerTest|x64.Build.0 = Release|x64
		{C4F742BA-53B7-40B2-816E-F337B1ECDDD2}.Debug|x64.ActiveCfg = Debug|x64
		{C4F742BA-53B7-40B2-816E-F337B1ECDDD2}.Debug|x64.Build.0 = Debug|x64
		{C4F742BA-53B7-40B2-816E-F337B1ECDDD2}.Release|x64.ActiveCfg = Release|x64
		{C4F742BA-53B7-40B2-816E-F337B1ECDDD2}.Release|x64.Build.0 = Release|x64
		{DD81F07E-8E1E-490B-A940-F651D7DAF6B6}.BuildServerTest|x64.ActiveCfg = Release|Any CPU
		{DD81F07E-8E1E-490B-A940-F651D7DAF6B6}.BuildServerTest|x64.Build.0 = Release|Any CPU
		{DD81F07E-8E1E-490B-A940-F651D7DAF6B6}.Debug|x64.ActiveCfg = Debug|Any CPU
		{DD81F07E-8E1E-490B-A940-F651D7DAF6B6}.Debug|x64.Build.0 = Debug|Any CPU
		{DD81F07E-8E1E-490B-A940-F651D7DAF6B6}.Release|x64.ActiveCfg = Release|Any CPU
		{DD81F07E-8E1E-490B-A940-F651D7DAF6B6}.Release|x64.Build.0 = Release|Any CPU
		{7DC7044D-7E04-47EE-B5E8-0E1F600CE4A4}.BuildServerTest|x64.ActiveCfg = Release|Any CPU
		{7DC7044D-7E04-47EE-B5E8-0E1F600CE4A4}.BuildServerTest|x64.Build.0 = Release|Any CPU
		{7DC7044D-7E04-47EE-B5E8-0E1F600CE4A4}.Debug|x64.ActiveCfg = Debug|Any CPU
		{7DC7044D-7E04-47EE-B5E8-0E1F600CE4A4}.Debug|x64.Build.0 = Debug|Any CPU
		{7DC7044D-7E04-47EE-B5E8-0E1F600CE4A4}.Release|x64.ActiveCfg = Release|Any CPU
		{7DC7044D-7E04-47EE-B5E8-0E1F600CE4A4}.Release|x64.Build.0 = Release|Any CPU
		{D41F6760-FB7D-413B-B07B-3062A9741EF5}.BuildServerTest|x64.ActiveCfg = Release|Any CPU
		{D41F6760-FB7D-413B-B07B-3062A9741EF5}.BuildServerTest|x64.Build.0 = Release|Any CPU
		{D41F6760-FB7D-413B-B07B-3062A9741EF5}.Debug|x64.ActiveCfg = Debug|Any CPU
		{D41F6760-FB7D-413B-B07B-3062A9741EF5}.Debug|x64.Build.0 = Debug|Any CPU
		{D41F6760-FB7D-413B-B07B-3062A9741EF5}.Release|x64.ActiveCfg = Release|Any CPU
		{D41F6760-FB7D-413B-B07B-3062A9741EF5}.Release|x64.Build.0 = Release|Any CPU
		{11545E12-706E-400B-8E10-8B4883A17539}.BuildServerTest|x64.ActiveCfg = Release|x64
		{11545E12-706E-400B-8E10-8B4883A17539}.BuildServerTest|x64.Build.0 = Release|x64
		{11545E12-706E-400B-8E10-8B4883A17539}.Debug|x64.ActiveCfg = Debug|x64
		{11545E12-706E-400B-8E10-8B4883A17539}.Debug|x64.Build.0 = Debug|x64
		{11545E12-706E-400B-8E10-8B4883A17539}.Release|x64.ActiveCfg = Release|x64
		{11545E12-706E-400B-8E10-8B4883A17539}.Release|x64.Build.0 = Release|x64
		{6388EE07-A8C2-4A1A-8CDC-513A2C093BC3}.BuildServerTest|x64.ActiveCfg = Release|x64
		{6388EE07-A8C2-4A1A-8CDC-513A2C093BC3}.BuildServerTest|x64.Build.0 = Release|x64
		{6388EE07-A8C2-4A1A-8CDC-513A2C093BC3}.Debug|x64.ActiveCfg = Debug|x64
		{6388EE07-A8C2-4A1A-8CDC-513A2C093BC3}.Debug|x64.Build.0 = Debug|x64
		{6388EE07-A8C2-4A1A-8CDC-513A2C093BC3}.Release|x64.ActiveCfg = Release|x64
		{6388EE07-A8C2-4A1A-8CDC-513A2C093BC3}.Release|x64.Build.0 = Release|x64
		{74CB7AAB-3BB6-4107-A149-254840CDF558}.BuildServerTest|x64.ActiveCfg = Release|Any CPU
		{74CB7AAB-3BB6-4107-A149-254840CDF558}.BuildServerTest|x64.Build.0 = Release|Any CPU
		{74CB7AAB-3BB6-4107-A149-254840CDF558}.Debug|x64.ActiveCfg = Debug|Any CPU
		{74CB7AAB-3BB6-4107-A149-254840CDF558}.Debug|x64.Build.0 = Debug|Any CPU
		{74CB7AAB-3BB6-4107-A149-254840CDF558}.Release|x64.ActiveCfg = Release|Any CPU
		{74CB7AAB-3BB6-4107-A149-254840CDF558}.Release|x64.Build.0 = Release|Any CPU
		{210AC05E-453F-4AB0-ABFF-10D3804A9596}.BuildServerTest|x64.ActiveCfg = Release|x64
		{210AC05E-453F-4AB0-ABFF-10D3804A9596}.BuildServerTest|x64.Build.0 = Release|x64
		{210AC05E-453F-4AB0-ABFF-10D3804A9596}.Debug|x64.ActiveCfg = Debug|x64
		{210AC05E-453F-4AB0-ABFF-10D3804A9596}.Debug|x64.Build.0 = Debug|x64
		{210AC05E-453F-4AB0-ABFF-10D3804A9596}.Release|x64.ActiveCfg = Release|x64
		{210AC05E-453F-4AB0-ABFF-10D3804A9596}.Release|x64.Build.0 = Release|x64
		{13523D29-3DFD-48BC-B8C4-4C7806320B13}.BuildServerTest|x64.ActiveCfg = Release|x64
		{13523D29-3DFD-48BC-B8C4-4C7806320B13}.BuildServerTest|x64.Build.0 = Release|x64
		{13523D29-3DFD-48BC-B8C4-4C7806320B13}.Debug|x64.ActiveCfg = Debug|x64
		{13523D29-3DFD-48BC-B8C4-4C7806320B13}.Debug|x64.Build.0 = Debug|x64
		{13523D29-3DFD-48BC-B8C4-4C7806320B13}.Release|x64.ActiveCfg = Release|x64
		{13523D29-3DFD-48BC-B8C4-4C7806320B13}.Release|x64.Build.0 = Release|x64
		{4ADDEF44-7AC7-44C3-9DC2-6301ECE9CBF6}.BuildServerTest|x64.ActiveCfg = Release|Win32
		{4ADDEF44-7AC7-44C3-9DC2-6301ECE9CBF6}.BuildServerTest|x64.Build.0 = Release|Win32
		{4ADDEF44-7AC7-44C3-9DC2-6301ECE9CBF6}.Debug|x64.ActiveCfg = Debug|Win32
		{4ADDEF44-7AC7-44C3-9DC2-6301ECE9CBF6}.Debug|x64.Build.0 = Debug|Win32
		{4ADDEF44-7AC7-44C3-9DC2-6301ECE9CBF6}.Release|x64.ActiveCfg = Release|Win32
		{4ADDEF44-7AC7-44C3-9DC2-6301ECE9CBF6}.Release|x64.Build.0 = Release|Win32
		{3EC74B8E-3599-41FD-B336-384861C8971A}.BuildServerTest|x64.ActiveCfg = Release|Any CPU
		{3EC74B8E-3599-41FD-B336-384861C8971A}.BuildServerTest|x64.Build.0 = Release|Any CPU
		{3EC74B8E-3599-41FD-B336-384861C8971A}.Debug|x64.ActiveCfg = Debug|Any CPU
		{3EC74B8E-3599-41FD-B336-384861C8971A}.Debug|x64.Build.0 = Debug|Any CPU
		{3EC74B8E-3599-41FD-B336-384861C8971A}.Release|x64.ActiveCfg = Release|Any CPU
		{3EC74B8E-3599-41FD-B336-384861C8971A}.Release|x64.Build.0 = Release|Any CPU
		{AD78AE53-5B4C-4C20-B66E-78D42008DCE3}.BuildServerTest|x64.ActiveCfg = Release|Win32
		{AD78AE53-5B4C-4C20-B66E-78D42008DCE3}.BuildServerTest|x64.Build.0 = Release|Win32
		{AD78AE53-5B4C-4C20-B66E-78D42008DCE3}.Debug|x64.ActiveCfg = Debug|Win32
		{AD78AE53-5B4C-4C20-B66E-78D42008DCE3}.Debug|x64.Build.0 = Debug|Win32
		{AD78AE53-5B4C-4C20-B66E-78D42008DCE3}.Release|x64.ActiveCfg = Release|Win32
		{AD78AE53-5B4C-4C20-B66E-78D42008DCE3}.Release|x64.Build.0 = Release|Win32
		{D5F60A3B-457B-4462-8CB2-F9B12188B311}.BuildServerTest|x64.ActiveCfg = Release|x64
		{D5F60A3B-457B-4462-8CB2-F9B12188B311}.BuildServerTest|x64.Build.0 = Release|x64
		{D5F60A3B-457B-4462-8CB2-F9B12188B311}.Debug|x64.ActiveCfg = Debug|x64
		{D5F60A3B-457B-4462-8CB2-F9B12188B311}.Debug|x64.Build.0 = Debug|x64
		{D5F60A3B-457B-4462-8CB2-F9B12188B311}.Release|x64.ActiveCfg = Release|x64
		{D5F60A3B-457B-4462-8CB2-F9B12188B311}.Release|x64.Build.0 = Release|x64
		{72176ED6-9639-4B39-BF3A-E05F9274EA97}.BuildServerTest|x64.ActiveCfg = Release|Any CPU
		{72176ED6-9639-4B39-BF3A-E05F9274EA97}.BuildServerTest|x64.Build.0 = Release|Any CPU
		{72176ED6-9639-4B39-BF3A-E05F9274EA97}.Debug|x64.ActiveCfg = Debug|Any CPU
		{72176ED6-9639-4B39-BF3A-E05F9274EA97}.Debug|x64.Build.0 = Debug|Any CPU
		{72176ED6-9639-4B39-BF3A-E05F9274EA97}.Release|x64.ActiveCfg = Release|Any CPU
		{72176ED6-9639-4B39-BF3A-E05F9274EA97}.Release|x64.Build.0 = Release|Any CPU
		{7B6E429E-E026-4E04-9A3D-76DE94ABA32D}.BuildServerTest|x64.ActiveCfg = Release|Any CPU
		{7B6E429E-E026-4E04-9A3D-76DE94ABA32D}.BuildServerTest|x64.Build.0 = Release|Any CPU
		{7B6E429E-E026-4E04-9A3D-76DE94ABA32D}.Debug|x64.ActiveCfg = Debug|Any CPU
		{7B6E429E-E026-4E04-9A3D-76DE94ABA32D}.Debug|x64.Build.0 = Debug|Any CPU
		{7B6E429E-E026-4E04-9A3D-76DE94ABA32D}.Release|x64.ActiveCfg = Release|Any CPU
		{7B6E429E-E026-4E04-9A3D-76DE94ABA32D}.Release|x64.Build.0 = Release|Any CPU
		{D4B13F57-763D-4742-BE17-01E93ECF7FC9}.BuildServerTest|x64.ActiveCfg = Release|Any CPU
		{D4B13F57-763D-4742-BE17-01E93ECF7FC9}.BuildServerTest|x64.Build.0 = Release|Any CPU
		{D4B13F57-763D-4742-BE17-01E93ECF7FC9}.Debug|x64.ActiveCfg = Debug|Any CPU
		{D4B13F57-763D-4742-BE17-01E93ECF7FC9}.Debug|x64.Build.0 = Debug|Any CPU
		{D4B13F57-763D-4742-BE17-01E93ECF7FC9}.Release|x64.ActiveCfg = Release|Any CPU
		{D4B13F57-763D-4742-BE17-01E93ECF7FC9}.Release|x64.Build.0 = Release|Any CPU
		{009D8737-B1E7-4EEA-B76A-DF237E0ECF88}.BuildServerTest|x64.ActiveCfg = Release|Any CPU
		{009D8737-B1E7-4EEA-B76A-DF237E0ECF88}.BuildServerTest|x64.Build.0 = Release|Any CPU
		{009D8737-B1E7-4EEA-B76A-DF237E0ECF88}.Debug|x64.ActiveCfg = Debug|Any CPU
		{009D8737-B1E7-4EEA-B76A-DF237E0ECF88}.Debug|x64.Build.0 = Debug|Any CPU
		{009D8737-B1E7-4EEA-B76A-DF237E0ECF88}.Release|x64.ActiveCfg = Release|Any CPU
		{009D8737-B1E7-4EEA-B76A-DF237E0ECF88}.Release|x64.Build.0 = Release|Any CPU
		{1307BE9E-94C7-4D9E-AF5E-F2DB4D39517F}.BuildServerTest|x64.ActiveCfg = Release|Any CPU
		{1307BE9E-94C7-4D9E-AF5E-F2DB4D39517F}.BuildServerTest|x64.Build.0 = Release|Any CPU
		{1307BE9E-94C7-4D9E-AF5E-F2DB4D39517F}.Debug|x64.ActiveCfg = Debug|Any CPU
		{1307BE9E-94C7-4D9E-AF5E-F2DB4D39517F}.Debug|x64.Build.0 = Debug|Any CPU
		{1307BE9E-94C7-4D9E-AF5E-F2DB4D39517F}.Release|x64.ActiveCfg = Release|Any CPU
		{1307BE9E-94C7-4D9E-AF5E-F2DB4D39517F}.Release|x64.Build.0 = Release|Any CPU
	EndGlobalSection
	GlobalSection(SolutionProperties) = preSolution
		HideSolutionNode = FALSE
	EndGlobalSection
	GlobalSection(NestedProjects) = preSolution
		{015A94BB-8483-4227-90D6-A08D092212BD} = {031C31CE-85DD-472D-9334-0A76B8EF538E}
		{A264E76D-83B0-46AD-AEE6-84713C2DFE21} = {031C31CE-85DD-472D-9334-0A76B8EF538E}
		{FF0868CF-A78E-44A4-93E5-57182F039F31} = {031C31CE-85DD-472D-9334-0A76B8EF538E}
		{DD181012-DD9C-410F-AD8E-01D062CAC820} = {031C31CE-85DD-472D-9334-0A76B8EF538E}
		{C6B4BA42-680C-446D-9B89-1C82D443DC75} = {031C31CE-85DD-472D-9334-0A76B8EF538E}
		{F3846C95-36FD-4C91-A318-4C1542EA559B} = {031C31CE-85DD-472D-9334-0A76B8EF538E}
		{5069EDE6-F3FE-4CD3-89C8-1AF15ED4B047} = {031C31CE-85DD-472D-9334-0A76B8EF538E}
		{885EB31B-CF41-4C6C-A7BE-53B32A0C8B82} = {031C31CE-85DD-472D-9334-0A76B8EF538E}
		{A1FAE6E5-8EBB-42C3-9FC2-33D67917067D} = {031C31CE-85DD-472D-9334-0A76B8EF538E}
		{D0026211-2592-42FD-AD67-BF609803D2DB} = {031C31CE-85DD-472D-9334-0A76B8EF538E}
		{7DC7044D-7E04-47EE-B5E8-0E1F600CE4A4} = {031C31CE-85DD-472D-9334-0A76B8EF538E}
		{D5F60A3B-457B-4462-8CB2-F9B12188B311} = {031C31CE-85DD-472D-9334-0A76B8EF538E}
		{B427C63B-C13F-47CC-B101-29CED68A68B8} = {E80CE545-83CD-41D4-8F89-56654E751392}
		{D6998D59-8E4F-42B6-BC63-924D6E69AC6F} = {E80CE545-83CD-41D4-8F89-56654E751392}
		{060B3C32-4504-4F5E-9089-A6FDE561AA23} = {E80CE545-83CD-41D4-8F89-56654E751392}
		{785E7F33-7D3A-4119-84C1-78819279669C} = {2E993A9D-C78B-45A5-AA0D-1FAA58825805}
		{1606D39A-79E6-468E-828A-42526C06A197} = {2E993A9D-C78B-45A5-AA0D-1FAA58825805}
		{917A2134-2267-4E27-9415-1D531AADF156} = {2E993A9D-C78B-45A5-AA0D-1FAA58825805}
		{2F1B4CDB-2A7E-405E-A774-EC9D9AF9BD3F} = {2E993A9D-C78B-45A5-AA0D-1FAA58825805}
		{75FD7F1C-71C9-4083-8F70-D20B2C665F77} = {2E993A9D-C78B-45A5-AA0D-1FAA58825805}
		{11545E12-706E-400B-8E10-8B4883A17539} = {2E993A9D-C78B-45A5-AA0D-1FAA58825805}
		{72176ED6-9639-4B39-BF3A-E05F9274EA97} = {2E993A9D-C78B-45A5-AA0D-1FAA58825805}
		{7B6E429E-E026-4E04-9A3D-76DE94ABA32D} = {2E993A9D-C78B-45A5-AA0D-1FAA58825805}
		{D4B13F57-763D-4742-BE17-01E93ECF7FC9} = {2E993A9D-C78B-45A5-AA0D-1FAA58825805}
		{7BF06E68-1088-47EE-B06C-DE546AFABDB0} = {1046FAB3-028B-4F84-A133-8C6248B7B7CB}
		{84C29D6B-3FD3-4806-BDC8-A9C9426EF093} = {1046FAB3-028B-4F84-A133-8C6248B7B7CB}
		{8B599BFF-B414-41A3-A270-96CDA0C522AF} = {E64C1F28-D2C1-47D2-A62B-151A6968D158}
		{EC69526F-72FB-4E26-AD8D-7CF22B145C93} = {E64C1F28-D2C1-47D2-A62B-151A6968D158}
		{8278B17C-E0E9-49B7-8BDA-F15282445D45} = {486A7359-839A-4F76-AF69-43F47D2AEAB5}
		{4F5A9009-7528-43E9-9142-26CF6A9F3ED7} = {486A7359-839A-4F76-AF69-43F47D2AEAB5}
		{6665517F-743D-4809-94D3-13325FC2AF74} = {7CAA7AEE-92D3-4643-9566-C060AF2CFF2C}
		{F5866E64-EAD9-44E9-98B3-93DED5C8B352} = {7CAA7AEE-92D3-4643-9566-C060AF2CFF2C}
		{E3390A15-3D80-4166-9D2F-BBEF33BB95A0} = {7CAA7AEE-92D3-4643-9566-C060AF2CFF2C}
		{594FE78A-A893-4757-A946-5ED350D383D2} = {A264E76D-83B0-46AD-AEE6-84713C2DFE21}
		{DD81F07E-8E1E-490B-A940-F651D7DAF6B6} = {A264E76D-83B0-46AD-AEE6-84713C2DFE21}
		{90D57166-B42E-4BBE-B9EC-CFB33E551B77} = {A264E76D-83B0-46AD-AEE6-84713C2DFE21}
		{5A65D606-6613-4139-8853-B5F26313E4DF} = {FF0868CF-A78E-44A4-93E5-57182F039F31}
		{1F4D1E72-C615-42B1-9B29-D5A9CEDE09E0} = {FF0868CF-A78E-44A4-93E5-57182F039F31}
		{9E8D97FC-87A3-4A7C-B318-9414B5EEA60E} = {FF0868CF-A78E-44A4-93E5-57182F039F31}
		{AD78AE53-5B4C-4C20-B66E-78D42008DCE3} = {FF0868CF-A78E-44A4-93E5-57182F039F31}
		{AD395461-89C1-4EFA-AEEF-8AE43C6B656D} = {A5B0117C-DD6D-4C9A-84D0-DCB9F47B7709}
		{C3E5398F-48FB-4565-8720-D73AF2ACFC1C} = {85483C86-E9E1-4CAB-9BD1-4274EC9A08EB}
		{710365C1-63CC-4C65-B3D1-FF1BE8E1D276} = {6AEA43EE-D1B7-4F8E-9599-7133FB507C66}
		{828ECAC2-9748-4E7F-BDC0-6D154C90B9C3} = {6AEA43EE-D1B7-4F8E-9599-7133FB507C66}
		{B7C456DA-CF64-4689-9389-82E912F84F23} = {6AEA43EE-D1B7-4F8E-9599-7133FB507C66}
		{BBAAD98C-2661-42DC-85E4-3F2D11BBE010} = {6AEA43EE-D1B7-4F8E-9599-7133FB507C66}
		{84E160E1-E32F-45F9-BE7B-8E093D68975F} = {B6488502-13DF-4934-8A40-CD6AF52E1342}
		{5546E8C2-844A-4662-84FA-B47D88E515CE} = {B6488502-13DF-4934-8A40-CD6AF52E1342}
		{2042C9E2-BEA5-4745-8EC1-EFF5CFDF08EA} = {B6488502-13DF-4934-8A40-CD6AF52E1342}
		{8312DE1E-1E35-42FD-902A-2FE517396240} = {B6488502-13DF-4934-8A40-CD6AF52E1342}
		{FDC1CC89-8EE8-439D-8F50-16789D742274} = {B6488502-13DF-4934-8A40-CD6AF52E1342}
		{6B8B91CD-9DA4-4585-B9A0-84B75A5D42F6} = {B6488502-13DF-4934-8A40-CD6AF52E1342}
		{B1EC8976-B515-4308-89C3-319543A0C7A9} = {B6488502-13DF-4934-8A40-CD6AF52E1342}
		{02EA0FB4-CC2F-4DAC-A58A-1F3115B7FAE8} = {B6488502-13DF-4934-8A40-CD6AF52E1342}
		{8670B44F-5240-4E27-AEAC-E7C58F626777} = {A8A6B3A7-41B4-4FC8-AB0E-6C9799BE7F27}
		{42137E4C-AFE5-4C60-B970-3343C3B3EC30} = {A8A6B3A7-41B4-4FC8-AB0E-6C9799BE7F27}
		{76C95AD5-A9B4-4672-856A-18A1CE45D2B1} = {1AC7C23F-67AD-470E-B5CC-67D2C89DD18F}
		{8D3E6472-7E47-4266-947B-659F17F641F1} = {5069EDE6-F3FE-4CD3-89C8-1AF15ED4B047}
		{EA81E2C5-0477-42AB-82F2-B57228AF694E} = {5069EDE6-F3FE-4CD3-89C8-1AF15ED4B047}
		{AD049DC9-C2CA-4D87-AAD4-875C004C0EC5} = {5069EDE6-F3FE-4CD3-89C8-1AF15ED4B047}
		{A9AE40FF-1A21-414A-9FE7-3BE13644CC6D} = {5069EDE6-F3FE-4CD3-89C8-1AF15ED4B047}
		{1028002A-BBE2-4FF2-94B7-A8368A8F6887} = {5069EDE6-F3FE-4CD3-89C8-1AF15ED4B047}
		{28E1D438-7DC4-4BF7-A486-0598C78DBBE9} = {42B8DA2F-1785-43DC-B8D8-AE3676E822D4}
		{AC2A8729-1693-47DA-9723-C54EAD0EEECF} = {42B8DA2F-1785-43DC-B8D8-AE3676E822D4}
		{C4F742BA-53B7-40B2-816E-F337B1ECDDD2} = {42B8DA2F-1785-43DC-B8D8-AE3676E822D4}
		{FFD0C045-ECC0-4621-BB0D-CE53859E0BC5} = {F5866E64-EAD9-44E9-98B3-93DED5C8B352}
		{0E242B9D-C9FB-4975-B2A5-885DF7232582} = {B39115F7-A3E8-42CE-AAB8-932AB8D4DFB4}
		{524A9D92-4E74-413B-85E1-B3E893B4A25A} = {B39115F7-A3E8-42CE-AAB8-932AB8D4DFB4}
		{7DB7527C-79F6-4C05-A8CF-B7A52E5E7A19} = {B39115F7-A3E8-42CE-AAB8-932AB8D4DFB4}
		{9EC88A3E-0A53-4982-8548-BF262F2DDDE7} = {B39115F7-A3E8-42CE-AAB8-932AB8D4DFB4}
		{009D8737-B1E7-4EEA-B76A-DF237E0ECF88} = {B39115F7-A3E8-42CE-AAB8-932AB8D4DFB4}
		{1307BE9E-94C7-4D9E-AF5E-F2DB4D39517F} = {B39115F7-A3E8-42CE-AAB8-932AB8D4DFB4}
		{D41F6760-FB7D-413B-B07B-3062A9741EF5} = {6534DA47-76A7-410D-98B4-ED941B3409FF}
		{4ADDEF44-7AC7-44C3-9DC2-6301ECE9CBF6} = {6534DA47-76A7-410D-98B4-ED941B3409FF}
		{6388EE07-A8C2-4A1A-8CDC-513A2C093BC3} = {4A6B2101-EC24-491E-A575-1044FDCDA105}
		{74CB7AAB-3BB6-4107-A149-254840CDF558} = {9FB5DF09-5063-489B-98DF-B7C87FD33FB1}
		{210AC05E-453F-4AB0-ABFF-10D3804A9596} = {9FB5DF09-5063-489B-98DF-B7C87FD33FB1}
		{13523D29-3DFD-48BC-B8C4-4C7806320B13} = {9FB5DF09-5063-489B-98DF-B7C87FD33FB1}
		{3EC74B8E-3599-41FD-B336-384861C8971A} = {86990518-2C72-4E1D-AE74-214022BD2E54}
	EndGlobalSection
EndGlobal
